
Microsoft Visual Studio Solution File, Format Version 12.00
# Visual Studio 15
VisualStudioVersion = 15.0.28307.779
MinimumVisualStudioVersion = 10.0.40219.1
Project("{8BC9CEB8-8B4A-11D0-8D11-00A0C91BC942}") = "DunGen", "platform\windows\DunGen\DunGen.vcxproj", "{B7C520BA-61BC-4D9D-A339-80C2BD7E828C}"
EndProject
Project("{8BC9CEB8-8B4A-11D0-8D11-00A0C91BC942}") = "GLFW", "platform\windows\GLFW\GLFW.vcxproj", "{97BBA92D-F277-40AF-8D19-D15924E68000}"
EndProject
Project("{8BC9CEB8-8B4A-11D0-8D11-00A0C91BC942}") = "Lua", "platform\windows\Lua\Lua.vcxproj", "{A55E59B7-5F60-47C1-BF22-C666DB4FEE67}"
EndProject
Project("{8BC9CEB8-8B4A-11D0-8D11-00A0C91BC942}") = "SQLite", "platform\windows\SQLite\SQLite.vcxproj", "{5B94C021-85B0-4B0D-A6BB-B421E00B0FD9}"
EndProject
Project("{8BC9CEB8-8B4A-11D0-8D11-00A0C91BC942}") = "sds", "platform\windows\sds\sds.vcxproj", "{B5FC2DC0-3F05-4E90-B38B-10F427803066}"
EndProject
Project("{8BC9CEB8-8B4A-11D0-8D11-00A0C91BC942}") = "pqueue", "platform\windows\pqueue\pqueue.vcxproj", "{D7BB2E71-8831-4BAC-B4C5-05A44B4BDD05}"
EndProject
Project("{8BC9CEB8-8B4A-11D0-8D11-00A0C91BC942}") = "FreeType", "platform\windows\FreeType\FreeType.vcxproj", "{FF5877D3-BB64-4863-B8E8-19EC67A25797}"
EndProject
Global
	GlobalSection(SolutionConfigurationPlatforms) = preSolution
		Debug|x64 = Debug|x64
		Debug|x86 = Debug|x86
		Release|x64 = Release|x64
		Release|x86 = Release|x86
	EndGlobalSection
	GlobalSection(ProjectConfigurationPlatforms) = postSolution
		{97BBA92D-F277-40AF-8D19-D15924E68000}.Debug|x64.ActiveCfg = Debug|x64
		{97BBA92D-F277-40AF-8D19-D15924E68000}.Debug|x64.Build.0 = Debug|x64
		{97BBA92D-F277-40AF-8D19-D15924E68000}.Debug|x86.ActiveCfg = Debug|Win32
		{97BBA92D-F277-40AF-8D19-D15924E68000}.Debug|x86.Build.0 = Debug|Win32
		{97BBA92D-F277-40AF-8D19-D15924E68000}.Release|x64.ActiveCfg = Release|x64
		{97BBA92D-F277-40AF-8D19-D15924E68000}.Release|x64.Build.0 = Release|x64
		{97BBA92D-F277-40AF-8D19-D15924E68000}.Release|x86.ActiveCfg = Release|Win32
		{97BBA92D-F277-40AF-8D19-D15924E68000}.Release|x86.Build.0 = Release|Win32
		{A55E59B7-5F60-47C1-BF22-C666DB4FEE67}.Debug|x64.ActiveCfg = Debug|x64
		{A55E59B7-5F60-47C1-BF22-C666DB4FEE67}.Debug|x64.Build.0 = Debug|x64
		{A55E59B7-5F60-47C1-BF22-C666DB4FEE67}.Debug|x86.ActiveCfg = Debug|Win32
		{A55E59B7-5F60-47C1-BF22-C666DB4FEE67}.Debug|x86.Build.0 = Debug|Win32
		{A55E59B7-5F60-47C1-BF22-C666DB4FEE67}.Release|x64.ActiveCfg = Release|x64
		{A55E59B7-5F60-47C1-BF22-C666DB4FEE67}.Release|x64.Build.0 = Release|x64
		{A55E59B7-5F60-47C1-BF22-C666DB4FEE67}.Release|x86.ActiveCfg = Release|Win32
		{A55E59B7-5F60-47C1-BF22-C666DB4FEE67}.Release|x86.Build.0 = Release|Win32
		{5B94C021-85B0-4B0D-A6BB-B421E00B0FD9}.Debug|x64.ActiveCfg = Debug|x64
		{5B94C021-85B0-4B0D-A6BB-B421E00B0FD9}.Debug|x64.Build.0 = Debug|x64
		{5B94C021-85B0-4B0D-A6BB-B421E00B0FD9}.Debug|x86.ActiveCfg = Debug|Win32
		{5B94C021-85B0-4B0D-A6BB-B421E00B0FD9}.Debug|x86.Build.0 = Debug|Win32
		{5B94C021-85B0-4B0D-A6BB-B421E00B0FD9}.Release|x64.ActiveCfg = Release|x64
		{5B94C021-85B0-4B0D-A6BB-B421E00B0FD9}.Release|x64.Build.0 = Release|x64
		{5B94C021-85B0-4B0D-A6BB-B421E00B0FD9}.Release|x86.ActiveCfg = Release|Win32
		{5B94C021-85B0-4B0D-A6BB-B421E00B0FD9}.Release|x86.Build.0 = Release|Win32
		{B5FC2DC0-3F05-4E90-B38B-10F427803066}.Debug|x64.ActiveCfg = Debug|x64
		{B5FC2DC0-3F05-4E90-B38B-10F427803066}.Debug|x64.Build.0 = Debug|x64
		{B5FC2DC0-3F05-4E90-B38B-10F427803066}.Debug|x86.ActiveCfg = Debug|Win32
		{B5FC2DC0-3F05-4E90-B38B-10F427803066}.Debug|x86.Build.0 = Debug|Win32
		{B5FC2DC0-3F05-4E90-B38B-10F427803066}.Release|x64.ActiveCfg = Release|x64
		{B5FC2DC0-3F05-4E90-B38B-10F427803066}.Release|x64.Build.0 = Release|x64
		{B5FC2DC0-3F05-4E90-B38B-10F427803066}.Release|x86.ActiveCfg = Release|Win32
		{B5FC2DC0-3F05-4E90-B38B-10F427803066}.Release|x86.Build.0 = Release|Win32
		{D7BB2E71-8831-4BAC-B4C5-05A44B4BDD05}.Debug|x64.ActiveCfg = Debug|x64
		{D7BB2E71-8831-4BAC-B4C5-05A44B4BDD05}.Debug|x64.Build.0 = Debug|x64
		{D7BB2E71-8831-4BAC-B4C5-05A44B4BDD05}.Debug|x86.ActiveCfg = Debug|Win32
		{D7BB2E71-8831-4BAC-B4C5-05A44B4BDD05}.Debug|x86.Build.0 = Debug|Win32
		{D7BB2E71-8831-4BAC-B4C5-05A44B4BDD05}.Release|x64.ActiveCfg = Release|x64
		{D7BB2E71-8831-4BAC-B4C5-05A44B4BDD05}.Release|x64.Build.0 = Release|x64
		{D7BB2E71-8831-4BAC-B4C5-05A44B4BDD05}.Release|x86.ActiveCfg = Release|Win32
		{D7BB2E71-8831-4BAC-B4C5-05A44B4BDD05}.Release|x86.Build.0 = Release|Win32
		{FF5877D3-BB64-4863-B8E8-19EC67A25797}.Debug|x64.ActiveCfg = Debug|x64
		{FF5877D3-BB64-4863-B8E8-19EC67A25797}.Debug|x64.Build.0 = Debug|x64
		{FF5877D3-BB64-4863-B8E8-19EC67A25797}.Debug|x86.ActiveCfg = Debug|Win32
		{FF5877D3-BB64-4863-B8E8-19EC67A25797}.Debug|x86.Build.0 = Debug|Win32
		{FF5877D3-BB64-4863-B8E8-19EC67A25797}.Release|x64.ActiveCfg = Release|x64
		{FF5877D3-BB64-4863-B8E8-19EC67A25797}.Release|x64.Build.0 = Release|x64
		{FF5877D3-BB64-4863-B8E8-19EC67A25797}.Release|x86.ActiveCfg = Release|Win32
		{FF5877D3-BB64-4863-B8E8-19EC67A25797}.Release|x86.Build.0 = Release|Win32
		{B7C520BA-61BC-4D9D-A339-80C2BD7E828C}.Debug|x64.ActiveCfg = Debug|x64
		{B7C520BA-61BC-4D9D-A339-80C2BD7E828C}.Debug|x64.Build.0 = Debug|x64
		{B7C520BA-61BC-4D9D-A339-80C2BD7E828C}.Debug|x86.ActiveCfg = Debug|Win32
		{B7C520BA-61BC-4D9D-A339-80C2BD7E828C}.Debug|x86.Build.0 = Debug|Win32
		{B7C520BA-61BC-4D9D-A339-80C2BD7E828C}.Release|x64.ActiveCfg = Release|x64
		{B7C520BA-61BC-4D9D-A339-80C2BD7E828C}.Release|x64.Build.0 = Release|x64
		{B7C520BA-61BC-4D9D-A339-80C2BD7E828C}.Release|x86.ActiveCfg = Release|Win32
		{B7C520BA-61BC-4D9D-A339-80C2BD7E828C}.Release|x86.Build.0 = Release|Win32
	EndGlobalSection
	GlobalSection(SolutionProperties) = preSolution
		HideSolutionNode = FALSE
	EndGlobalSection
	GlobalSection(ExtensibilityGlobals) = postSolution
		SolutionGuid = {31F55FCB-B28C-4100-8C23-9A6D60EB7472}
	EndGlobalSection
EndGlobal
