// !$*UTF8*$!
{
	archiveVersion = 1;
	classes = {
	};
	objectVersion = 46;
	objects = {

/* Begin PBXBuildFile section */
		340A323422DFB74600685193 /* text.c in Sources */ = {isa = PBXBuildFile; fileRef = 340A323322DFB74600685193 /* text.c */; };
		3417E26922D149B000762C69 /* liblua.a in Frameworks */ = {isa = PBXBuildFile; fileRef = 3417E22322D1486100762C69 /* liblua.a */; };
		341F12B222D1FCAB009C844F /* lopcodes.c in Sources */ = {isa = PBXBuildFile; fileRef = 341F128F22D1FCA9009C844F /* lopcodes.c */; };
		341F12B322D1FCAB009C844F /* ldblib.c in Sources */ = {isa = PBXBuildFile; fileRef = 341F129022D1FCA9009C844F /* ldblib.c */; };
		341F12B422D1FCAB009C844F /* loadlib.c in Sources */ = {isa = PBXBuildFile; fileRef = 341F129122D1FCA9009C844F /* loadlib.c */; };
		341F12B522D1FCAB009C844F /* linit.c in Sources */ = {isa = PBXBuildFile; fileRef = 341F129222D1FCAA009C844F /* linit.c */; };
		341F12B622D1FCAB009C844F /* lcode.c in Sources */ = {isa = PBXBuildFile; fileRef = 341F129322D1FCAA009C844F /* lcode.c */; };
		341F12B722D1FCAB009C844F /* lgc.c in Sources */ = {isa = PBXBuildFile; fileRef = 341F129422D1FCAA009C844F /* lgc.c */; };
		341F12B822D1FCAB009C844F /* lstate.c in Sources */ = {isa = PBXBuildFile; fileRef = 341F129522D1FCAA009C844F /* lstate.c */; };
		341F12B922D1FCAB009C844F /* lauxlib.c in Sources */ = {isa = PBXBuildFile; fileRef = 341F129622D1FCAA009C844F /* lauxlib.c */; };
		341F12BA22D1FCAB009C844F /* lbitlib.c in Sources */ = {isa = PBXBuildFile; fileRef = 341F129722D1FCAA009C844F /* lbitlib.c */; };
		341F12BB22D1FCAB009C844F /* lundump.c in Sources */ = {isa = PBXBuildFile; fileRef = 341F129822D1FCAA009C844F /* lundump.c */; };
		341F12BC22D1FCAB009C844F /* lstrlib.c in Sources */ = {isa = PBXBuildFile; fileRef = 341F129922D1FCAA009C844F /* lstrlib.c */; };
		341F12BD22D1FCAB009C844F /* lvm.c in Sources */ = {isa = PBXBuildFile; fileRef = 341F129A22D1FCAA009C844F /* lvm.c */; };
		341F12BE22D1FCAB009C844F /* ldo.c in Sources */ = {isa = PBXBuildFile; fileRef = 341F129B22D1FCAA009C844F /* ldo.c */; };
		341F12BF22D1FCAB009C844F /* llex.c in Sources */ = {isa = PBXBuildFile; fileRef = 341F129C22D1FCAA009C844F /* llex.c */; };
		341F12C022D1FCAB009C844F /* ltablib.c in Sources */ = {isa = PBXBuildFile; fileRef = 341F129D22D1FCAA009C844F /* ltablib.c */; };
		341F12C122D1FCAB009C844F /* lparser.c in Sources */ = {isa = PBXBuildFile; fileRef = 341F129E22D1FCAA009C844F /* lparser.c */; };
		341F12C222D1FCAB009C844F /* lobject.c in Sources */ = {isa = PBXBuildFile; fileRef = 341F129F22D1FCAA009C844F /* lobject.c */; };
		341F12C322D1FCAB009C844F /* ldebug.c in Sources */ = {isa = PBXBuildFile; fileRef = 341F12A022D1FCAA009C844F /* ldebug.c */; };
		341F12C422D1FCAB009C844F /* lstring.c in Sources */ = {isa = PBXBuildFile; fileRef = 341F12A122D1FCAA009C844F /* lstring.c */; };
		341F12C522D1FCAB009C844F /* lua.c in Sources */ = {isa = PBXBuildFile; fileRef = 341F12A222D1FCAA009C844F /* lua.c */; };
		341F12C622D1FCAB009C844F /* lutf8lib.c in Sources */ = {isa = PBXBuildFile; fileRef = 341F12A322D1FCAA009C844F /* lutf8lib.c */; };
		341F12C722D1FCAB009C844F /* lfunc.c in Sources */ = {isa = PBXBuildFile; fileRef = 341F12A422D1FCAA009C844F /* lfunc.c */; };
		341F12C822D1FCAB009C844F /* ldump.c in Sources */ = {isa = PBXBuildFile; fileRef = 341F12A522D1FCAA009C844F /* ldump.c */; };
		341F12C922D1FCAB009C844F /* lmem.c in Sources */ = {isa = PBXBuildFile; fileRef = 341F12A622D1FCAA009C844F /* lmem.c */; };
		341F12CA22D1FCAB009C844F /* loslib.c in Sources */ = {isa = PBXBuildFile; fileRef = 341F12A722D1FCAA009C844F /* loslib.c */; };
		341F12CB22D1FCAB009C844F /* lzio.c in Sources */ = {isa = PBXBuildFile; fileRef = 341F12A822D1FCAA009C844F /* lzio.c */; };
		341F12CC22D1FCAB009C844F /* ltm.c in Sources */ = {isa = PBXBuildFile; fileRef = 341F12A922D1FCAA009C844F /* ltm.c */; };
		341F12CD22D1FCAB009C844F /* lctype.c in Sources */ = {isa = PBXBuildFile; fileRef = 341F12AA22D1FCAA009C844F /* lctype.c */; };
		341F12CE22D1FCAB009C844F /* lbaselib.c in Sources */ = {isa = PBXBuildFile; fileRef = 341F12AB22D1FCAA009C844F /* lbaselib.c */; };
		341F12CF22D1FCAB009C844F /* lapi.c in Sources */ = {isa = PBXBuildFile; fileRef = 341F12AC22D1FCAB009C844F /* lapi.c */; };
		341F12D022D1FCAB009C844F /* luac.c in Sources */ = {isa = PBXBuildFile; fileRef = 341F12AD22D1FCAB009C844F /* luac.c */; };
		341F12D122D1FCAB009C844F /* lmathlib.c in Sources */ = {isa = PBXBuildFile; fileRef = 341F12AE22D1FCAB009C844F /* lmathlib.c */; };
		341F12D222D1FCAB009C844F /* liolib.c in Sources */ = {isa = PBXBuildFile; fileRef = 341F12AF22D1FCAB009C844F /* liolib.c */; };
		341F12D322D1FCAB009C844F /* lcorolib.c in Sources */ = {isa = PBXBuildFile; fileRef = 341F12B022D1FCAB009C844F /* lcorolib.c */; };
		341F12D422D1FCAB009C844F /* ltable.c in Sources */ = {isa = PBXBuildFile; fileRef = 341F12B122D1FCAB009C844F /* ltable.c */; };
		341F12E322D1FD66009C844F /* cocoa_joystick.m in Sources */ = {isa = PBXBuildFile; fileRef = 341F12D522D1FD65009C844F /* cocoa_joystick.m */; };
		341F12E422D1FD66009C844F /* input.c in Sources */ = {isa = PBXBuildFile; fileRef = 341F12D622D1FD65009C844F /* input.c */; };
		341F12E522D1FD66009C844F /* cocoa_monitor.m in Sources */ = {isa = PBXBuildFile; fileRef = 341F12D722D1FD65009C844F /* cocoa_monitor.m */; };
		341F12E622D1FD66009C844F /* init.c in Sources */ = {isa = PBXBuildFile; fileRef = 341F12D822D1FD65009C844F /* init.c */; };
		341F12E922D1FD66009C844F /* vulkan.c in Sources */ = {isa = PBXBuildFile; fileRef = 341F12DB22D1FD65009C844F /* vulkan.c */; };
		341F12EA22D1FD66009C844F /* window.c in Sources */ = {isa = PBXBuildFile; fileRef = 341F12DC22D1FD65009C844F /* window.c */; };
		341F12EB22D1FD66009C844F /* context.c in Sources */ = {isa = PBXBuildFile; fileRef = 341F12DD22D1FD65009C844F /* context.c */; };
		341F12EC22D1FD66009C844F /* nsgl_context.m in Sources */ = {isa = PBXBuildFile; fileRef = 341F12DE22D1FD65009C844F /* nsgl_context.m */; };
		341F12ED22D1FD66009C844F /* monitor.c in Sources */ = {isa = PBXBuildFile; fileRef = 341F12DF22D1FD65009C844F /* monitor.c */; };
		341F12EE22D1FD66009C844F /* cocoa_init.m in Sources */ = {isa = PBXBuildFile; fileRef = 341F12E022D1FD65009C844F /* cocoa_init.m */; };
		341F12EF22D1FD66009C844F /* cocoa_time.c in Sources */ = {isa = PBXBuildFile; fileRef = 341F12E122D1FD65009C844F /* cocoa_time.c */; };
		341F12F022D1FD66009C844F /* cocoa_window.m in Sources */ = {isa = PBXBuildFile; fileRef = 341F12E222D1FD66009C844F /* cocoa_window.m */; };
		341F12F222D200BC009C844F /* posix_thread.c in Sources */ = {isa = PBXBuildFile; fileRef = 341F12F122D200BC009C844F /* posix_thread.c */; };
		341F12F522D20196009C844F /* osmesa_context.c in Sources */ = {isa = PBXBuildFile; fileRef = 341F12F322D20196009C844F /* osmesa_context.c */; };
		341F12F622D20196009C844F /* egl_context.c in Sources */ = {isa = PBXBuildFile; fileRef = 341F12F422D20196009C844F /* egl_context.c */; };
		3421A23B2311792300459647 /* banner.c in Sources */ = {isa = PBXBuildFile; fileRef = 3421A23A2311792300459647 /* banner.c */; };
		3421A23F2311AFF100459647 /* choice.c in Sources */ = {isa = PBXBuildFile; fileRef = 3421A23E2311AFF100459647 /* choice.c */; };
		342E3B11231041A6008AD361 /* macOS.c in Sources */ = {isa = PBXBuildFile; fileRef = 342E3B0E231041A6008AD361 /* macOS.c */; };
		344C39E51EC4E0B2007F9466 /* Assets.xcassets in Resources */ = {isa = PBXBuildFile; fileRef = 344C39E41EC4E0B2007F9466 /* Assets.xcassets */; };
		3455A6B41EC4DB8F000057E4 /* libglfw.a in Frameworks */ = {isa = PBXBuildFile; fileRef = 3455A6961EC4DA71000057E4 /* libglfw.a */; };
		345E93AC22EB279D006FD334 /* pqueue.c in Sources */ = {isa = PBXBuildFile; fileRef = 345E93A022EB25B3006FD334 /* pqueue.c */; };
		345E93AF22EB27A9006FD334 /* libpqueue.a in Frameworks */ = {isa = PBXBuildFile; fileRef = 345E93A722EB2787006FD334 /* libpqueue.a */; };
		345E93B322EB2AE4006FD334 /* pathfind.c in Sources */ = {isa = PBXBuildFile; fileRef = 345E93B222EB2AE4006FD334 /* pathfind.c */; };
		3466A4B622D4D71B00ED6CAA /* images.c in Sources */ = {isa = PBXBuildFile; fileRef = 3466A4B522D4D71B00ED6CAA /* images.c */; };
		346CC51322DB507900E24845 /* outline.c in Sources */ = {isa = PBXBuildFile; fileRef = 346CC51222DB507900E24845 /* outline.c */; };
		347A941622D1B85F002BF97F /* scripting.c in Sources */ = {isa = PBXBuildFile; fileRef = 347A941122D1B85F002BF97F /* scripting.c */; };
		347A941722D1B85F002BF97F /* rendering.c in Sources */ = {isa = PBXBuildFile; fileRef = 347A941422D1B85F002BF97F /* rendering.c */; };
		347A941822D1B85F002BF97F /* main.c in Sources */ = {isa = PBXBuildFile; fileRef = 347A941522D1B85F002BF97F /* main.c */; };
		347A941C22D1B9C5002BF97F /* game.c in Sources */ = {isa = PBXBuildFile; fileRef = 347A941B22D1B9C5002BF97F /* game.c */; };
		347A941F22D1BE74002BF97F /* util.c in Sources */ = {isa = PBXBuildFile; fileRef = 347A941E22D1BE74002BF97F /* util.c */; };
		347A945522D1E949002BF97F /* world.c in Sources */ = {isa = PBXBuildFile; fileRef = 347A945422D1E949002BF97F /* world.c */; };
		3482A55822D61C6700AAD098 /* wrapping.c in Sources */ = {isa = PBXBuildFile; fileRef = 3482A55722D61BA900AAD098 /* wrapping.c */; settings = {COMPILER_FLAGS = "--no-warnings"; }; };
		3482A56222D63C4F00AAD098 /* hlvm.c in Sources */ = {isa = PBXBuildFile; fileRef = 3482A56122D63C4F00AAD098 /* hlvm.c */; };
		3482A56522D6842000AAD098 /* lfs.c in Sources */ = {isa = PBXBuildFile; fileRef = 3482A56422D6842000AAD098 /* lfs.c */; };
		349C53E71EC4D6FC008D42C6 /* OpenGL.framework in Frameworks */ = {isa = PBXBuildFile; fileRef = 345D93DC1EC4C53B003B7C63 /* OpenGL.framework */; };
		349C53E81EC4D700008D42C6 /* Cocoa.framework in Frameworks */ = {isa = PBXBuildFile; fileRef = 345D93E21EC4C54C003B7C63 /* Cocoa.framework */; };
		349C53E91EC4D707008D42C6 /* IOKit.framework in Frameworks */ = {isa = PBXBuildFile; fileRef = 345D93E01EC4C543003B7C63 /* IOKit.framework */; };
		349C53EA1EC4D70D008D42C6 /* CoreVideo.framework in Frameworks */ = {isa = PBXBuildFile; fileRef = 345D93DE1EC4C540003B7C63 /* CoreVideo.framework */; };
		34C5B3F922DB2767007F0A79 /* sds.c in Sources */ = {isa = PBXBuildFile; fileRef = 34C5B3EE22DB2128007F0A79 /* sds.c */; };
		34C5B3FA22DB2798007F0A79 /* libsds.a in Frameworks */ = {isa = PBXBuildFile; fileRef = 34C5B3F522DB2753007F0A79 /* libsds.a */; };
		34C5D6EF22EE32BC004B8F80 /* ftcache.c in Sources */ = {isa = PBXBuildFile; fileRef = 34C5D6EE22EE32BB004B8F80 /* ftcache.c */; };
		34CD649622D9DD3E00C33190 /* sqlite3.c in Sources */ = {isa = PBXBuildFile; fileRef = 34CD649522D9DD3D00C33190 /* sqlite3.c */; };
		34CD649722D9DD4900C33190 /* libsqlite.a in Frameworks */ = {isa = PBXBuildFile; fileRef = 34CD649122D9DD2F00C33190 /* libsqlite.a */; };
		34CD649A22D9DE3B00C33190 /* attributes.c in Sources */ = {isa = PBXBuildFile; fileRef = 34CD649922D9DE3B00C33190 /* attributes.c */; };
		34DB94B822EC37680066EC6A /* autofit.c in Sources */ = {isa = PBXBuildFile; fileRef = 34DB94B722EC37680066EC6A /* autofit.c */; };
		34DB94CC22EC37EA0066EC6A /* ftglyph.c in Sources */ = {isa = PBXBuildFile; fileRef = 34DB94B922EC37E90066EC6A /* ftglyph.c */; };
		34DB94CD22EC37EA0066EC6A /* ftotval.c in Sources */ = {isa = PBXBuildFile; fileRef = 34DB94BA22EC37E90066EC6A /* ftotval.c */; };
		34DB94CE22EC37EA0066EC6A /* ftbase.c in Sources */ = {isa = PBXBuildFile; fileRef = 34DB94BB22EC37E90066EC6A /* ftbase.c */; };
		34DB94CF22EC37EA0066EC6A /* ftgxval.c in Sources */ = {isa = PBXBuildFile; fileRef = 34DB94BC22EC37E90066EC6A /* ftgxval.c */; };
		34DB94D022EC37EA0066EC6A /* ftsystem.c in Sources */ = {isa = PBXBuildFile; fileRef = 34DB94BD22EC37E90066EC6A /* ftsystem.c */; };
		34DB94D122EC37EA0066EC6A /* ftcid.c in Sources */ = {isa = PBXBuildFile; fileRef = 34DB94BE22EC37E90066EC6A /* ftcid.c */; };
		34DB94D222EC37EA0066EC6A /* ftbdf.c in Sources */ = {isa = PBXBuildFile; fileRef = 34DB94BF22EC37E90066EC6A /* ftbdf.c */; };
		34DB94D322EC37EA0066EC6A /* ftwinfnt.c in Sources */ = {isa = PBXBuildFile; fileRef = 34DB94C022EC37E90066EC6A /* ftwinfnt.c */; };
		34DB94D422EC37EA0066EC6A /* ftpatent.c in Sources */ = {isa = PBXBuildFile; fileRef = 34DB94C122EC37E90066EC6A /* ftpatent.c */; };
		34DB94D522EC37EA0066EC6A /* ftfstype.c in Sources */ = {isa = PBXBuildFile; fileRef = 34DB94C222EC37E90066EC6A /* ftfstype.c */; };
		34DB94D622EC37EA0066EC6A /* ftpfr.c in Sources */ = {isa = PBXBuildFile; fileRef = 34DB94C322EC37E90066EC6A /* ftpfr.c */; };
		34DB94D722EC37EA0066EC6A /* fttype1.c in Sources */ = {isa = PBXBuildFile; fileRef = 34DB94C422EC37E90066EC6A /* fttype1.c */; };
		34DB94D822EC37EA0066EC6A /* ftbitmap.c in Sources */ = {isa = PBXBuildFile; fileRef = 34DB94C522EC37E90066EC6A /* ftbitmap.c */; };
		34DB94D922EC37EA0066EC6A /* ftmm.c in Sources */ = {isa = PBXBuildFile; fileRef = 34DB94C622EC37E90066EC6A /* ftmm.c */; };
		34DB94DA22EC37EA0066EC6A /* ftgasp.c in Sources */ = {isa = PBXBuildFile; fileRef = 34DB94C722EC37EA0066EC6A /* ftgasp.c */; };
		34DB94DB22EC37EA0066EC6A /* ftbbox.c in Sources */ = {isa = PBXBuildFile; fileRef = 34DB94C822EC37EA0066EC6A /* ftbbox.c */; };
		34DB94DC22EC37EA0066EC6A /* ftinit.c in Sources */ = {isa = PBXBuildFile; fileRef = 34DB94C922EC37EA0066EC6A /* ftinit.c */; };
		34DB94DD22EC37EA0066EC6A /* ftstroke.c in Sources */ = {isa = PBXBuildFile; fileRef = 34DB94CA22EC37EA0066EC6A /* ftstroke.c */; };
		34DB94DE22EC37EA0066EC6A /* ftsynth.c in Sources */ = {isa = PBXBuildFile; fileRef = 34DB94CB22EC37EA0066EC6A /* ftsynth.c */; };
		34DB94E022EC37FC0066EC6A /* bdf.c in Sources */ = {isa = PBXBuildFile; fileRef = 34DB94DF22EC37FC0066EC6A /* bdf.c */; };
		34DB94E922EC38450066EC6A /* pcf.c in Sources */ = {isa = PBXBuildFile; fileRef = 34DB94E122EC38440066EC6A /* pcf.c */; };
		34DB94EA22EC38450066EC6A /* ftbzip2.c in Sources */ = {isa = PBXBuildFile; fileRef = 34DB94E222EC38450066EC6A /* ftbzip2.c */; };
		34DB94EB22EC38450066EC6A /* ftlzw.c in Sources */ = {isa = PBXBuildFile; fileRef = 34DB94E322EC38450066EC6A /* ftlzw.c */; };
		34DB94EC22EC38450066EC6A /* pfr.c in Sources */ = {isa = PBXBuildFile; fileRef = 34DB94E422EC38450066EC6A /* pfr.c */; };
		34DB94ED22EC38450066EC6A /* cff.c in Sources */ = {isa = PBXBuildFile; fileRef = 34DB94E522EC38450066EC6A /* cff.c */; };
		34DB94EF22EC38450066EC6A /* ftgzip.c in Sources */ = {isa = PBXBuildFile; fileRef = 34DB94E722EC38450066EC6A /* ftgzip.c */; };
		34DB94F022EC38450066EC6A /* type1cid.c in Sources */ = {isa = PBXBuildFile; fileRef = 34DB94E822EC38450066EC6A /* type1cid.c */; };
		34DB94FB22EC38950066EC6A /* type42.c in Sources */ = {isa = PBXBuildFile; fileRef = 34DB94F122EC38940066EC6A /* type42.c */; };
		34DB94FC22EC38950066EC6A /* raster.c in Sources */ = {isa = PBXBuildFile; fileRef = 34DB94F222EC38940066EC6A /* raster.c */; };
		34DB94FD22EC38950066EC6A /* sfnt.c in Sources */ = {isa = PBXBuildFile; fileRef = 34DB94F322EC38940066EC6A /* sfnt.c */; };
		34DB94FE22EC38950066EC6A /* smooth.c in Sources */ = {isa = PBXBuildFile; fileRef = 34DB94F422EC38940066EC6A /* smooth.c */; };
		34DB94FF22EC38950066EC6A /* type1.c in Sources */ = {isa = PBXBuildFile; fileRef = 34DB94F522EC38940066EC6A /* type1.c */; };
		34DB950022EC38950066EC6A /* truetype.c in Sources */ = {isa = PBXBuildFile; fileRef = 34DB94F622EC38940066EC6A /* truetype.c */; };
		34DB950122EC38950066EC6A /* psaux.c in Sources */ = {isa = PBXBuildFile; fileRef = 34DB94F722EC38940066EC6A /* psaux.c */; };
		34DB950222EC38950066EC6A /* pshinter.c in Sources */ = {isa = PBXBuildFile; fileRef = 34DB94F822EC38940066EC6A /* pshinter.c */; };
		34DB950322EC38950066EC6A /* winfnt.c in Sources */ = {isa = PBXBuildFile; fileRef = 34DB94F922EC38940066EC6A /* winfnt.c */; };
		34DB950422EC38950066EC6A /* psnames.c in Sources */ = {isa = PBXBuildFile; fileRef = 34DB94FA22EC38950066EC6A /* psnames.c */; };
		34DB950722EC3A350066EC6A /* libfreetype.a in Frameworks */ = {isa = PBXBuildFile; fileRef = 34DB94B222EC370B0066EC6A /* libfreetype.a */; };
		34DB950922EC3DBB0066EC6A /* ftdebug.c in Sources */ = {isa = PBXBuildFile; fileRef = 34DB950822EC3DBB0066EC6A /* ftdebug.c */; };
		34F3478323129A93008B19FB /* tile_choice.c in Sources */ = {isa = PBXBuildFile; fileRef = 34F3478223129A93008B19FB /* tile_choice.c */; };
/* End PBXBuildFile section */

/* Begin PBXContainerItemProxy section */
		3450505622DB77A300D3485B /* PBXContainerItemProxy */ = {
			isa = PBXContainerItemProxy;
			containerPortal = 345D93721EC4C47D003B7C63 /* Project object */;
			proxyType = 1;
			remoteGlobalIDString = 3455A6951EC4DA71000057E4;
			remoteInfo = glfw;
		};
		3450505822DB77A300D3485B /* PBXContainerItemProxy */ = {
			isa = PBXContainerItemProxy;
			containerPortal = 345D93721EC4C47D003B7C63 /* Project object */;
			proxyType = 1;
			remoteGlobalIDString = 3417E22222D1486100762C69;
			remoteInfo = lua;
		};
		3450505A22DB77A300D3485B /* PBXContainerItemProxy */ = {
			isa = PBXContainerItemProxy;
			containerPortal = 345D93721EC4C47D003B7C63 /* Project object */;
			proxyType = 1;
			remoteGlobalIDString = 34CD649022D9DD2F00C33190;
			remoteInfo = sqlite;
		};
		3450505C22DB77A300D3485B /* PBXContainerItemProxy */ = {
			isa = PBXContainerItemProxy;
			containerPortal = 345D93721EC4C47D003B7C63 /* Project object */;
			proxyType = 1;
			remoteGlobalIDString = 34C5B3F422DB2753007F0A79;
			remoteInfo = sds;
		};
		345E93AD22EB27A5006FD334 /* PBXContainerItemProxy */ = {
			isa = PBXContainerItemProxy;
			containerPortal = 345D93721EC4C47D003B7C63 /* Project object */;
			proxyType = 1;
			remoteGlobalIDString = 345E93A622EB2787006FD334;
			remoteInfo = pqueue;
		};
		34DB950522EC3A2E0066EC6A /* PBXContainerItemProxy */ = {
			isa = PBXContainerItemProxy;
			containerPortal = 345D93721EC4C47D003B7C63 /* Project object */;
			proxyType = 1;
			remoteGlobalIDString = 34DB94B122EC370B0066EC6A;
			remoteInfo = freetype;
		};
/* End PBXContainerItemProxy section */

/* Begin PBXFileReference section */
		340A323222DFB74600685193 /* text.h */ = {isa = PBXFileReference; lastKnownFileType = sourcecode.c.h; path = text.h; sourceTree = "<group>"; };
		340A323322DFB74600685193 /* text.c */ = {isa = PBXFileReference; lastKnownFileType = sourcecode.c.c; path = text.c; sourceTree = "<group>"; };
		340B5D0F22D21CB700E53DCA /* stb_ds.h */ = {isa = PBXFileReference; lastKnownFileType = sourcecode.c.h; name = stb_ds.h; path = "lib/single-file/stb_ds.h"; sourceTree = "<group>"; };
		340E1ECE22E3A4D2004443D1 /* rendering.i */ = {isa = PBXFileReference; lastKnownFileType = sourcecode.c.c.preprocessed; path = rendering.i; sourceTree = "<group>"; };
		340E1ECF22E3A535004443D1 /* typemaps.i */ = {isa = PBXFileReference; lastKnownFileType = sourcecode.c.c.preprocessed; path = typemaps.i; sourceTree = "<group>"; };
		3415722822D3873D00FB77F2 /* stb_image.h */ = {isa = PBXFileReference; lastKnownFileType = sourcecode.c.h; name = stb_image.h; path = "lib/single-file/stb_image.h"; sourceTree = "<group>"; };
		3417E22322D1486100762C69 /* liblua.a */ = {isa = PBXFileReference; explicitFileType = archive.ar; includeInIndex = 0; path = liblua.a; sourceTree = BUILT_PRODUCTS_DIR; };
		341F128F22D1FCA9009C844F /* lopcodes.c */ = {isa = PBXFileReference; fileEncoding = 4; lastKnownFileType = sourcecode.c.c; name = lopcodes.c; path = "lib/lua-5.3.5/src/lopcodes.c"; sourceTree = "<group>"; };
		341F129022D1FCA9009C844F /* ldblib.c */ = {isa = PBXFileReference; fileEncoding = 4; lastKnownFileType = sourcecode.c.c; name = ldblib.c; path = "lib/lua-5.3.5/src/ldblib.c"; sourceTree = "<group>"; };
		341F129122D1FCA9009C844F /* loadlib.c */ = {isa = PBXFileReference; fileEncoding = 4; lastKnownFileType = sourcecode.c.c; name = loadlib.c; path = "lib/lua-5.3.5/src/loadlib.c"; sourceTree = "<group>"; };
		341F129222D1FCAA009C844F /* linit.c */ = {isa = PBXFileReference; fileEncoding = 4; lastKnownFileType = sourcecode.c.c; name = linit.c; path = "lib/lua-5.3.5/src/linit.c"; sourceTree = "<group>"; };
		341F129322D1FCAA009C844F /* lcode.c */ = {isa = PBXFileReference; fileEncoding = 4; lastKnownFileType = sourcecode.c.c; name = lcode.c; path = "lib/lua-5.3.5/src/lcode.c"; sourceTree = "<group>"; };
		341F129422D1FCAA009C844F /* lgc.c */ = {isa = PBXFileReference; fileEncoding = 4; lastKnownFileType = sourcecode.c.c; name = lgc.c; path = "lib/lua-5.3.5/src/lgc.c"; sourceTree = "<group>"; };
		341F129522D1FCAA009C844F /* lstate.c */ = {isa = PBXFileReference; fileEncoding = 4; lastKnownFileType = sourcecode.c.c; name = lstate.c; path = "lib/lua-5.3.5/src/lstate.c"; sourceTree = "<group>"; };
		341F129622D1FCAA009C844F /* lauxlib.c */ = {isa = PBXFileReference; fileEncoding = 4; lastKnownFileType = sourcecode.c.c; name = lauxlib.c; path = "lib/lua-5.3.5/src/lauxlib.c"; sourceTree = "<group>"; };
		341F129722D1FCAA009C844F /* lbitlib.c */ = {isa = PBXFileReference; fileEncoding = 4; lastKnownFileType = sourcecode.c.c; name = lbitlib.c; path = "lib/lua-5.3.5/src/lbitlib.c"; sourceTree = "<group>"; };
		341F129822D1FCAA009C844F /* lundump.c */ = {isa = PBXFileReference; fileEncoding = 4; lastKnownFileType = sourcecode.c.c; name = lundump.c; path = "lib/lua-5.3.5/src/lundump.c"; sourceTree = "<group>"; };
		341F129922D1FCAA009C844F /* lstrlib.c */ = {isa = PBXFileReference; fileEncoding = 4; lastKnownFileType = sourcecode.c.c; name = lstrlib.c; path = "lib/lua-5.3.5/src/lstrlib.c"; sourceTree = "<group>"; };
		341F129A22D1FCAA009C844F /* lvm.c */ = {isa = PBXFileReference; fileEncoding = 4; lastKnownFileType = sourcecode.c.c; name = lvm.c; path = "lib/lua-5.3.5/src/lvm.c"; sourceTree = "<group>"; };
		341F129B22D1FCAA009C844F /* ldo.c */ = {isa = PBXFileReference; fileEncoding = 4; lastKnownFileType = sourcecode.c.c; name = ldo.c; path = "lib/lua-5.3.5/src/ldo.c"; sourceTree = "<group>"; };
		341F129C22D1FCAA009C844F /* llex.c */ = {isa = PBXFileReference; fileEncoding = 4; lastKnownFileType = sourcecode.c.c; name = llex.c; path = "lib/lua-5.3.5/src/llex.c"; sourceTree = "<group>"; };
		341F129D22D1FCAA009C844F /* ltablib.c */ = {isa = PBXFileReference; fileEncoding = 4; lastKnownFileType = sourcecode.c.c; name = ltablib.c; path = "lib/lua-5.3.5/src/ltablib.c"; sourceTree = "<group>"; };
		341F129E22D1FCAA009C844F /* lparser.c */ = {isa = PBXFileReference; fileEncoding = 4; lastKnownFileType = sourcecode.c.c; name = lparser.c; path = "lib/lua-5.3.5/src/lparser.c"; sourceTree = "<group>"; };
		341F129F22D1FCAA009C844F /* lobject.c */ = {isa = PBXFileReference; fileEncoding = 4; lastKnownFileType = sourcecode.c.c; name = lobject.c; path = "lib/lua-5.3.5/src/lobject.c"; sourceTree = "<group>"; };
		341F12A022D1FCAA009C844F /* ldebug.c */ = {isa = PBXFileReference; fileEncoding = 4; lastKnownFileType = sourcecode.c.c; name = ldebug.c; path = "lib/lua-5.3.5/src/ldebug.c"; sourceTree = "<group>"; };
		341F12A122D1FCAA009C844F /* lstring.c */ = {isa = PBXFileReference; fileEncoding = 4; lastKnownFileType = sourcecode.c.c; name = lstring.c; path = "lib/lua-5.3.5/src/lstring.c"; sourceTree = "<group>"; };
		341F12A222D1FCAA009C844F /* lua.c */ = {isa = PBXFileReference; fileEncoding = 4; lastKnownFileType = sourcecode.c.c; name = lua.c; path = "lib/lua-5.3.5/src/lua.c"; sourceTree = "<group>"; };
		341F12A322D1FCAA009C844F /* lutf8lib.c */ = {isa = PBXFileReference; fileEncoding = 4; lastKnownFileType = sourcecode.c.c; name = lutf8lib.c; path = "lib/lua-5.3.5/src/lutf8lib.c"; sourceTree = "<group>"; };
		341F12A422D1FCAA009C844F /* lfunc.c */ = {isa = PBXFileReference; fileEncoding = 4; lastKnownFileType = sourcecode.c.c; name = lfunc.c; path = "lib/lua-5.3.5/src/lfunc.c"; sourceTree = "<group>"; };
		341F12A522D1FCAA009C844F /* ldump.c */ = {isa = PBXFileReference; fileEncoding = 4; lastKnownFileType = sourcecode.c.c; name = ldump.c; path = "lib/lua-5.3.5/src/ldump.c"; sourceTree = "<group>"; };
		341F12A622D1FCAA009C844F /* lmem.c */ = {isa = PBXFileReference; fileEncoding = 4; lastKnownFileType = sourcecode.c.c; name = lmem.c; path = "lib/lua-5.3.5/src/lmem.c"; sourceTree = "<group>"; };
		341F12A722D1FCAA009C844F /* loslib.c */ = {isa = PBXFileReference; fileEncoding = 4; lastKnownFileType = sourcecode.c.c; name = loslib.c; path = "lib/lua-5.3.5/src/loslib.c"; sourceTree = "<group>"; };
		341F12A822D1FCAA009C844F /* lzio.c */ = {isa = PBXFileReference; fileEncoding = 4; lastKnownFileType = sourcecode.c.c; name = lzio.c; path = "lib/lua-5.3.5/src/lzio.c"; sourceTree = "<group>"; };
		341F12A922D1FCAA009C844F /* ltm.c */ = {isa = PBXFileReference; fileEncoding = 4; lastKnownFileType = sourcecode.c.c; name = ltm.c; path = "lib/lua-5.3.5/src/ltm.c"; sourceTree = "<group>"; };
		341F12AA22D1FCAA009C844F /* lctype.c */ = {isa = PBXFileReference; fileEncoding = 4; lastKnownFileType = sourcecode.c.c; name = lctype.c; path = "lib/lua-5.3.5/src/lctype.c"; sourceTree = "<group>"; };
		341F12AB22D1FCAA009C844F /* lbaselib.c */ = {isa = PBXFileReference; fileEncoding = 4; lastKnownFileType = sourcecode.c.c; name = lbaselib.c; path = "lib/lua-5.3.5/src/lbaselib.c"; sourceTree = "<group>"; };
		341F12AC22D1FCAB009C844F /* lapi.c */ = {isa = PBXFileReference; fileEncoding = 4; lastKnownFileType = sourcecode.c.c; name = lapi.c; path = "lib/lua-5.3.5/src/lapi.c"; sourceTree = "<group>"; };
		341F12AD22D1FCAB009C844F /* luac.c */ = {isa = PBXFileReference; fileEncoding = 4; lastKnownFileType = sourcecode.c.c; name = luac.c; path = "lib/lua-5.3.5/src/luac.c"; sourceTree = "<group>"; };
		341F12AE22D1FCAB009C844F /* lmathlib.c */ = {isa = PBXFileReference; fileEncoding = 4; lastKnownFileType = sourcecode.c.c; name = lmathlib.c; path = "lib/lua-5.3.5/src/lmathlib.c"; sourceTree = "<group>"; };
		341F12AF22D1FCAB009C844F /* liolib.c */ = {isa = PBXFileReference; fileEncoding = 4; lastKnownFileType = sourcecode.c.c; name = liolib.c; path = "lib/lua-5.3.5/src/liolib.c"; sourceTree = "<group>"; };
		341F12B022D1FCAB009C844F /* lcorolib.c */ = {isa = PBXFileReference; fileEncoding = 4; lastKnownFileType = sourcecode.c.c; name = lcorolib.c; path = "lib/lua-5.3.5/src/lcorolib.c"; sourceTree = "<group>"; };
		341F12B122D1FCAB009C844F /* ltable.c */ = {isa = PBXFileReference; fileEncoding = 4; lastKnownFileType = sourcecode.c.c; name = ltable.c; path = "lib/lua-5.3.5/src/ltable.c"; sourceTree = "<group>"; };
		341F12D522D1FD65009C844F /* cocoa_joystick.m */ = {isa = PBXFileReference; fileEncoding = 4; lastKnownFileType = sourcecode.c.objc; name = cocoa_joystick.m; path = "lib/glfw-3.3.0/src/cocoa_joystick.m"; sourceTree = "<group>"; };
		341F12D622D1FD65009C844F /* input.c */ = {isa = PBXFileReference; fileEncoding = 4; lastKnownFileType = sourcecode.c.c; name = input.c; path = "lib/glfw-3.3.0/src/input.c"; sourceTree = "<group>"; };
		341F12D722D1FD65009C844F /* cocoa_monitor.m */ = {isa = PBXFileReference; fileEncoding = 4; lastKnownFileType = sourcecode.c.objc; name = cocoa_monitor.m; path = "lib/glfw-3.3.0/src/cocoa_monitor.m"; sourceTree = "<group>"; };
		341F12D822D1FD65009C844F /* init.c */ = {isa = PBXFileReference; fileEncoding = 4; lastKnownFileType = sourcecode.c.c; name = init.c; path = "lib/glfw-3.3.0/src/init.c"; sourceTree = "<group>"; };
		341F12DB22D1FD65009C844F /* vulkan.c */ = {isa = PBXFileReference; fileEncoding = 4; lastKnownFileType = sourcecode.c.c; name = vulkan.c; path = "lib/glfw-3.3.0/src/vulkan.c"; sourceTree = "<group>"; };
		341F12DC22D1FD65009C844F /* window.c */ = {isa = PBXFileReference; fileEncoding = 4; lastKnownFileType = sourcecode.c.c; name = window.c; path = "lib/glfw-3.3.0/src/window.c"; sourceTree = "<group>"; };
		341F12DD22D1FD65009C844F /* context.c */ = {isa = PBXFileReference; fileEncoding = 4; lastKnownFileType = sourcecode.c.c; name = context.c; path = "lib/glfw-3.3.0/src/context.c"; sourceTree = "<group>"; };
		341F12DE22D1FD65009C844F /* nsgl_context.m */ = {isa = PBXFileReference; fileEncoding = 4; lastKnownFileType = sourcecode.c.objc; name = nsgl_context.m; path = "lib/glfw-3.3.0/src/nsgl_context.m"; sourceTree = "<group>"; };
		341F12DF22D1FD65009C844F /* monitor.c */ = {isa = PBXFileReference; fileEncoding = 4; lastKnownFileType = sourcecode.c.c; name = monitor.c; path = "lib/glfw-3.3.0/src/monitor.c"; sourceTree = "<group>"; };
		341F12E022D1FD65009C844F /* cocoa_init.m */ = {isa = PBXFileReference; fileEncoding = 4; lastKnownFileType = sourcecode.c.objc; name = cocoa_init.m; path = "lib/glfw-3.3.0/src/cocoa_init.m"; sourceTree = "<group>"; };
		341F12E122D1FD65009C844F /* cocoa_time.c */ = {isa = PBXFileReference; fileEncoding = 4; lastKnownFileType = sourcecode.c.c; name = cocoa_time.c; path = "lib/glfw-3.3.0/src/cocoa_time.c"; sourceTree = "<group>"; };
		341F12E222D1FD66009C844F /* cocoa_window.m */ = {isa = PBXFileReference; fileEncoding = 4; lastKnownFileType = sourcecode.c.objc; name = cocoa_window.m; path = "lib/glfw-3.3.0/src/cocoa_window.m"; sourceTree = "<group>"; };
		341F12F122D200BC009C844F /* posix_thread.c */ = {isa = PBXFileReference; fileEncoding = 4; lastKnownFileType = sourcecode.c.c; name = posix_thread.c; path = "lib/glfw-3.3.0/src/posix_thread.c"; sourceTree = "<group>"; };
		341F12F322D20196009C844F /* osmesa_context.c */ = {isa = PBXFileReference; fileEncoding = 4; lastKnownFileType = sourcecode.c.c; name = osmesa_context.c; path = "lib/glfw-3.3.0/src/osmesa_context.c"; sourceTree = "<group>"; };
		341F12F422D20196009C844F /* egl_context.c */ = {isa = PBXFileReference; fileEncoding = 4; lastKnownFileType = sourcecode.c.c; name = egl_context.c; path = "lib/glfw-3.3.0/src/egl_context.c"; sourceTree = "<group>"; };
		3421A2392311792300459647 /* banner.h */ = {isa = PBXFileReference; lastKnownFileType = sourcecode.c.h; path = banner.h; sourceTree = "<group>"; };
		3421A23A2311792300459647 /* banner.c */ = {isa = PBXFileReference; lastKnownFileType = sourcecode.c.c; path = banner.c; sourceTree = "<group>"; };
		3421A23C2311932300459647 /* ui.i */ = {isa = PBXFileReference; lastKnownFileType = sourcecode.c.c.preprocessed; path = ui.i; sourceTree = "<group>"; };
		3421A23D2311AFF100459647 /* choice.h */ = {isa = PBXFileReference; lastKnownFileType = sourcecode.c.h; path = choice.h; sourceTree = "<group>"; };
		3421A23E2311AFF100459647 /* choice.c */ = {isa = PBXFileReference; lastKnownFileType = sourcecode.c.c; path = choice.c; sourceTree = "<group>"; };
		3424314522D7B51E00FC9FBE /* hlvm.i */ = {isa = PBXFileReference; lastKnownFileType = sourcecode.c.c.preprocessed; path = hlvm.i; sourceTree = "<group>"; };
		342E3B0E231041A6008AD361 /* macOS.c */ = {isa = PBXFileReference; fileEncoding = 4; lastKnownFileType = sourcecode.c.c; path = macOS.c; sourceTree = "<group>"; };
		342E3B10231041A6008AD361 /* platform.h */ = {isa = PBXFileReference; fileEncoding = 4; lastKnownFileType = sourcecode.c.h; path = platform.h; sourceTree = "<group>"; };
		344B44F922EB931400A27ADF /* pathfind.i */ = {isa = PBXFileReference; lastKnownFileType = sourcecode.c.c.preprocessed; path = pathfind.i; sourceTree = "<group>"; };
		344C39E41EC4E0B2007F9466 /* Assets.xcassets */ = {isa = PBXFileReference; lastKnownFileType = folder.assetcatalog; name = Assets.xcassets; path = platform/macOS/Assets.xcassets; sourceTree = SOURCE_ROOT; };
		3455A6961EC4DA71000057E4 /* libglfw.a */ = {isa = PBXFileReference; explicitFileType = archive.ar; includeInIndex = 0; path = libglfw.a; sourceTree = BUILT_PRODUCTS_DIR; };
		345D93DC1EC4C53B003B7C63 /* OpenGL.framework */ = {isa = PBXFileReference; lastKnownFileType = wrapper.framework; name = OpenGL.framework; path = System/Library/Frameworks/OpenGL.framework; sourceTree = SDKROOT; };
		345D93DE1EC4C540003B7C63 /* CoreVideo.framework */ = {isa = PBXFileReference; lastKnownFileType = wrapper.framework; name = CoreVideo.framework; path = System/Library/Frameworks/CoreVideo.framework; sourceTree = SDKROOT; };
		345D93E01EC4C543003B7C63 /* IOKit.framework */ = {isa = PBXFileReference; lastKnownFileType = wrapper.framework; name = IOKit.framework; path = System/Library/Frameworks/IOKit.framework; sourceTree = SDKROOT; };
		345D93E21EC4C54C003B7C63 /* Cocoa.framework */ = {isa = PBXFileReference; lastKnownFileType = wrapper.framework; name = Cocoa.framework; path = System/Library/Frameworks/Cocoa.framework; sourceTree = SDKROOT; };
		345E93A022EB25B3006FD334 /* pqueue.c */ = {isa = PBXFileReference; fileEncoding = 4; lastKnownFileType = sourcecode.c.c; name = pqueue.c; path = "lib/libpqueue-f319ea0/src/pqueue.c"; sourceTree = "<group>"; };
		345E93A122EB25B3006FD334 /* pqueue.h */ = {isa = PBXFileReference; fileEncoding = 4; lastKnownFileType = sourcecode.c.h; name = pqueue.h; path = "lib/libpqueue-f319ea0/src/pqueue.h"; sourceTree = "<group>"; };
		345E93A722EB2787006FD334 /* libpqueue.a */ = {isa = PBXFileReference; explicitFileType = archive.ar; includeInIndex = 0; path = libpqueue.a; sourceTree = BUILT_PRODUCTS_DIR; };
		345E93B122EB2AE4006FD334 /* pathfind.h */ = {isa = PBXFileReference; lastKnownFileType = sourcecode.c.h; path = pathfind.h; sourceTree = "<group>"; };
		345E93B222EB2AE4006FD334 /* pathfind.c */ = {isa = PBXFileReference; lastKnownFileType = sourcecode.c.c; path = pathfind.c; sourceTree = "<group>"; };
		3466A4B422D4D71B00ED6CAA /* images.h */ = {isa = PBXFileReference; lastKnownFileType = sourcecode.c.h; path = images.h; sourceTree = "<group>"; };
		3466A4B522D4D71B00ED6CAA /* images.c */ = {isa = PBXFileReference; lastKnownFileType = sourcecode.c.c; path = images.c; sourceTree = "<group>"; };
		3466A4B722D4EDEB00ED6CAA /* gb_math.h */ = {isa = PBXFileReference; lastKnownFileType = sourcecode.c.h; name = gb_math.h; path = "lib/single-file/gb_math.h"; sourceTree = "<group>"; };
		346CC51122DB507900E24845 /* outline.h */ = {isa = PBXFileReference; lastKnownFileType = sourcecode.c.h; path = outline.h; sourceTree = "<group>"; };
		346CC51222DB507900E24845 /* outline.c */ = {isa = PBXFileReference; lastKnownFileType = sourcecode.c.c; path = outline.c; sourceTree = "<group>"; };
		347A941122D1B85F002BF97F /* scripting.c */ = {isa = PBXFileReference; fileEncoding = 4; lastKnownFileType = sourcecode.c.c; path = scripting.c; sourceTree = "<group>"; };
		347A941222D1B85F002BF97F /* scripting.h */ = {isa = PBXFileReference; fileEncoding = 4; lastKnownFileType = sourcecode.c.h; path = scripting.h; sourceTree = "<group>"; };
		347A941322D1B85F002BF97F /* rendering.h */ = {isa = PBXFileReference; fileEncoding = 4; lastKnownFileType = sourcecode.c.h; path = rendering.h; sourceTree = "<group>"; };
		347A941422D1B85F002BF97F /* rendering.c */ = {isa = PBXFileReference; fileEncoding = 4; lastKnownFileType = sourcecode.c.c; path = rendering.c; sourceTree = "<group>"; };
		347A941522D1B85F002BF97F /* main.c */ = {isa = PBXFileReference; fileEncoding = 4; lastKnownFileType = sourcecode.c.c; path = main.c; sourceTree = "<group>"; };
		347A941A22D1B9C5002BF97F /* game.h */ = {isa = PBXFileReference; lastKnownFileType = sourcecode.c.h; path = game.h; sourceTree = "<group>"; };
		347A941B22D1B9C5002BF97F /* game.c */ = {isa = PBXFileReference; lastKnownFileType = sourcecode.c.c; path = game.c; sourceTree = "<group>"; };
		347A941D22D1BE74002BF97F /* util.h */ = {isa = PBXFileReference; lastKnownFileType = sourcecode.c.h; path = util.h; sourceTree = "<group>"; };
		347A941E22D1BE74002BF97F /* util.c */ = {isa = PBXFileReference; lastKnownFileType = sourcecode.c.c; path = util.c; sourceTree = "<group>"; };
		347A945222D1DDC9002BF97F /* stdafx.h */ = {isa = PBXFileReference; lastKnownFileType = sourcecode.c.h; path = stdafx.h; sourceTree = "<group>"; };
		347A945322D1E949002BF97F /* world.h */ = {isa = PBXFileReference; lastKnownFileType = sourcecode.c.h; path = world.h; sourceTree = "<group>"; };
		347A945422D1E949002BF97F /* world.c */ = {isa = PBXFileReference; lastKnownFileType = sourcecode.c.c; path = world.c; sourceTree = "<group>"; };
		3482A55622D6198400AAD098 /* world.i */ = {isa = PBXFileReference; lastKnownFileType = sourcecode.c.c.preprocessed; path = world.i; sourceTree = "<group>"; };
		3482A55722D61BA900AAD098 /* wrapping.c */ = {isa = PBXFileReference; lastKnownFileType = sourcecode.c.c; path = wrapping.c; sourceTree = "<group>"; };
		3482A55922D6247800AAD098 /* dungen.i */ = {isa = PBXFileReference; lastKnownFileType = sourcecode.c.c.preprocessed; path = dungen.i; sourceTree = "<group>"; };
		3482A55B22D624A800AAD098 /* vectors.i */ = {isa = PBXFileReference; lastKnownFileType = sourcecode.c.c.preprocessed; path = vectors.i; sourceTree = "<group>"; };
		3482A55D22D62E4300AAD098 /* images.i */ = {isa = PBXFileReference; lastKnownFileType = sourcecode.c.c.preprocessed; path = images.i; sourceTree = "<group>"; };
		3482A56022D63C4F00AAD098 /* hlvm.h */ = {isa = PBXFileReference; lastKnownFileType = sourcecode.c.h; path = hlvm.h; sourceTree = "<group>"; };
		3482A56122D63C4F00AAD098 /* hlvm.c */ = {isa = PBXFileReference; lastKnownFileType = sourcecode.c.c; path = hlvm.c; sourceTree = "<group>"; };
		3482A56422D6842000AAD098 /* lfs.c */ = {isa = PBXFileReference; fileEncoding = 4; lastKnownFileType = sourcecode.c.c; name = lfs.c; path = "lib/luafilesystem-1.7.0-2/src/lfs.c"; sourceTree = "<group>"; };
		3499472B22DB30D700C5BA7E /* attributes.i */ = {isa = PBXFileReference; lastKnownFileType = sourcecode.c.c.preprocessed; path = attributes.i; sourceTree = "<group>"; };
		349C53B21EC4D6B9008D42C6 /* DunGen.app */ = {isa = PBXFileReference; explicitFileType = wrapper.application; includeInIndex = 0; path = DunGen.app; sourceTree = BUILT_PRODUCTS_DIR; };
		349C53C21EC4D6B9008D42C6 /* Info.plist */ = {isa = PBXFileReference; lastKnownFileType = text.plist.xml; name = Info.plist; path = platform/macOS/Info.plist; sourceTree = SOURCE_ROOT; };
		34C5B3EE22DB2128007F0A79 /* sds.c */ = {isa = PBXFileReference; fileEncoding = 4; lastKnownFileType = sourcecode.c.c; name = sds.c; path = "lib/sds-0bb446e/sds.c"; sourceTree = "<group>"; };
		34C5B3F522DB2753007F0A79 /* libsds.a */ = {isa = PBXFileReference; explicitFileType = archive.ar; includeInIndex = 0; path = libsds.a; sourceTree = BUILT_PRODUCTS_DIR; };
		34C5D6EE22EE32BB004B8F80 /* ftcache.c */ = {isa = PBXFileReference; fileEncoding = 4; lastKnownFileType = sourcecode.c.c; name = ftcache.c; path = "lib/freetype-2.10.1/src/cache/ftcache.c"; sourceTree = "<group>"; };
		34CD649122D9DD2F00C33190 /* libsqlite.a */ = {isa = PBXFileReference; explicitFileType = archive.ar; includeInIndex = 0; path = libsqlite.a; sourceTree = BUILT_PRODUCTS_DIR; };
		34CD649522D9DD3D00C33190 /* sqlite3.c */ = {isa = PBXFileReference; fileEncoding = 4; lastKnownFileType = sourcecode.c.c; name = sqlite3.c; path = "lib/sqlite-amalgamation-3290000/sqlite3.c"; sourceTree = "<group>"; };
		34CD649822D9DE3B00C33190 /* attributes.h */ = {isa = PBXFileReference; lastKnownFileType = sourcecode.c.h; path = attributes.h; sourceTree = "<group>"; };
		34CD649922D9DE3B00C33190 /* attributes.c */ = {isa = PBXFileReference; lastKnownFileType = sourcecode.c.c; path = attributes.c; sourceTree = "<group>"; };
		34DB94B222EC370B0066EC6A /* libfreetype.a */ = {isa = PBXFileReference; explicitFileType = archive.ar; includeInIndex = 0; path = libfreetype.a; sourceTree = BUILT_PRODUCTS_DIR; };
		34DB94B722EC37680066EC6A /* autofit.c */ = {isa = PBXFileReference; fileEncoding = 4; lastKnownFileType = sourcecode.c.c; name = autofit.c; path = "lib/freetype-2.10.1/src/autofit/autofit.c"; sourceTree = "<group>"; };
		34DB94B922EC37E90066EC6A /* ftglyph.c */ = {isa = PBXFileReference; fileEncoding = 4; lastKnownFileType = sourcecode.c.c; name = ftglyph.c; path = "lib/freetype-2.10.1/src/base/ftglyph.c"; sourceTree = "<group>"; };
		34DB94BA22EC37E90066EC6A /* ftotval.c */ = {isa = PBXFileReference; fileEncoding = 4; lastKnownFileType = sourcecode.c.c; name = ftotval.c; path = "lib/freetype-2.10.1/src/base/ftotval.c"; sourceTree = "<group>"; };
		34DB94BB22EC37E90066EC6A /* ftbase.c */ = {isa = PBXFileReference; fileEncoding = 4; lastKnownFileType = sourcecode.c.c; name = ftbase.c; path = "lib/freetype-2.10.1/src/base/ftbase.c"; sourceTree = "<group>"; };
		34DB94BC22EC37E90066EC6A /* ftgxval.c */ = {isa = PBXFileReference; fileEncoding = 4; lastKnownFileType = sourcecode.c.c; name = ftgxval.c; path = "lib/freetype-2.10.1/src/base/ftgxval.c"; sourceTree = "<group>"; };
		34DB94BD22EC37E90066EC6A /* ftsystem.c */ = {isa = PBXFileReference; fileEncoding = 4; lastKnownFileType = sourcecode.c.c; name = ftsystem.c; path = "lib/freetype-2.10.1/src/base/ftsystem.c"; sourceTree = "<group>"; };
		34DB94BE22EC37E90066EC6A /* ftcid.c */ = {isa = PBXFileReference; fileEncoding = 4; lastKnownFileType = sourcecode.c.c; name = ftcid.c; path = "lib/freetype-2.10.1/src/base/ftcid.c"; sourceTree = "<group>"; };
		34DB94BF22EC37E90066EC6A /* ftbdf.c */ = {isa = PBXFileReference; fileEncoding = 4; lastKnownFileType = sourcecode.c.c; name = ftbdf.c; path = "lib/freetype-2.10.1/src/base/ftbdf.c"; sourceTree = "<group>"; };
		34DB94C022EC37E90066EC6A /* ftwinfnt.c */ = {isa = PBXFileReference; fileEncoding = 4; lastKnownFileType = sourcecode.c.c; name = ftwinfnt.c; path = "lib/freetype-2.10.1/src/base/ftwinfnt.c"; sourceTree = "<group>"; };
		34DB94C122EC37E90066EC6A /* ftpatent.c */ = {isa = PBXFileReference; fileEncoding = 4; lastKnownFileType = sourcecode.c.c; name = ftpatent.c; path = "lib/freetype-2.10.1/src/base/ftpatent.c"; sourceTree = "<group>"; };
		34DB94C222EC37E90066EC6A /* ftfstype.c */ = {isa = PBXFileReference; fileEncoding = 4; lastKnownFileType = sourcecode.c.c; name = ftfstype.c; path = "lib/freetype-2.10.1/src/base/ftfstype.c"; sourceTree = "<group>"; };
		34DB94C322EC37E90066EC6A /* ftpfr.c */ = {isa = PBXFileReference; fileEncoding = 4; lastKnownFileType = sourcecode.c.c; name = ftpfr.c; path = "lib/freetype-2.10.1/src/base/ftpfr.c"; sourceTree = "<group>"; };
		34DB94C422EC37E90066EC6A /* fttype1.c */ = {isa = PBXFileReference; fileEncoding = 4; lastKnownFileType = sourcecode.c.c; name = fttype1.c; path = "lib/freetype-2.10.1/src/base/fttype1.c"; sourceTree = "<group>"; };
		34DB94C522EC37E90066EC6A /* ftbitmap.c */ = {isa = PBXFileReference; fileEncoding = 4; lastKnownFileType = sourcecode.c.c; name = ftbitmap.c; path = "lib/freetype-2.10.1/src/base/ftbitmap.c"; sourceTree = "<group>"; };
		34DB94C622EC37E90066EC6A /* ftmm.c */ = {isa = PBXFileReference; fileEncoding = 4; lastKnownFileType = sourcecode.c.c; name = ftmm.c; path = "lib/freetype-2.10.1/src/base/ftmm.c"; sourceTree = "<group>"; };
		34DB94C722EC37EA0066EC6A /* ftgasp.c */ = {isa = PBXFileReference; fileEncoding = 4; lastKnownFileType = sourcecode.c.c; name = ftgasp.c; path = "lib/freetype-2.10.1/src/base/ftgasp.c"; sourceTree = "<group>"; };
		34DB94C822EC37EA0066EC6A /* ftbbox.c */ = {isa = PBXFileReference; fileEncoding = 4; lastKnownFileType = sourcecode.c.c; name = ftbbox.c; path = "lib/freetype-2.10.1/src/base/ftbbox.c"; sourceTree = "<group>"; };
		34DB94C922EC37EA0066EC6A /* ftinit.c */ = {isa = PBXFileReference; fileEncoding = 4; lastKnownFileType = sourcecode.c.c; name = ftinit.c; path = "lib/freetype-2.10.1/src/base/ftinit.c"; sourceTree = "<group>"; };
		34DB94CA22EC37EA0066EC6A /* ftstroke.c */ = {isa = PBXFileReference; fileEncoding = 4; lastKnownFileType = sourcecode.c.c; name = ftstroke.c; path = "lib/freetype-2.10.1/src/base/ftstroke.c"; sourceTree = "<group>"; };
		34DB94CB22EC37EA0066EC6A /* ftsynth.c */ = {isa = PBXFileReference; fileEncoding = 4; lastKnownFileType = sourcecode.c.c; name = ftsynth.c; path = "lib/freetype-2.10.1/src/base/ftsynth.c"; sourceTree = "<group>"; };
		34DB94DF22EC37FC0066EC6A /* bdf.c */ = {isa = PBXFileReference; fileEncoding = 4; lastKnownFileType = sourcecode.c.c; name = bdf.c; path = "lib/freetype-2.10.1/src/bdf/bdf.c"; sourceTree = "<group>"; };
		34DB94E122EC38440066EC6A /* pcf.c */ = {isa = PBXFileReference; fileEncoding = 4; lastKnownFileType = sourcecode.c.c; name = pcf.c; path = "lib/freetype-2.10.1/src/pcf/pcf.c"; sourceTree = "<group>"; };
		34DB94E222EC38450066EC6A /* ftbzip2.c */ = {isa = PBXFileReference; fileEncoding = 4; lastKnownFileType = sourcecode.c.c; name = ftbzip2.c; path = "lib/freetype-2.10.1/src/bzip2/ftbzip2.c"; sourceTree = "<group>"; };
		34DB94E322EC38450066EC6A /* ftlzw.c */ = {isa = PBXFileReference; fileEncoding = 4; lastKnownFileType = sourcecode.c.c; name = ftlzw.c; path = "lib/freetype-2.10.1/src/lzw/ftlzw.c"; sourceTree = "<group>"; };
		34DB94E422EC38450066EC6A /* pfr.c */ = {isa = PBXFileReference; fileEncoding = 4; lastKnownFileType = sourcecode.c.c; name = pfr.c; path = "lib/freetype-2.10.1/src/pfr/pfr.c"; sourceTree = "<group>"; };
		34DB94E522EC38450066EC6A /* cff.c */ = {isa = PBXFileReference; fileEncoding = 4; lastKnownFileType = sourcecode.c.c; name = cff.c; path = "lib/freetype-2.10.1/src/cff/cff.c"; sourceTree = "<group>"; };
		34DB94E722EC38450066EC6A /* ftgzip.c */ = {isa = PBXFileReference; fileEncoding = 4; lastKnownFileType = sourcecode.c.c; name = ftgzip.c; path = "lib/freetype-2.10.1/src/gzip/ftgzip.c"; sourceTree = "<group>"; };
		34DB94E822EC38450066EC6A /* type1cid.c */ = {isa = PBXFileReference; fileEncoding = 4; lastKnownFileType = sourcecode.c.c; name = type1cid.c; path = "lib/freetype-2.10.1/src/cid/type1cid.c"; sourceTree = "<group>"; };
		34DB94F122EC38940066EC6A /* type42.c */ = {isa = PBXFileReference; fileEncoding = 4; lastKnownFileType = sourcecode.c.c; name = type42.c; path = "lib/freetype-2.10.1/src/type42/type42.c"; sourceTree = "<group>"; };
		34DB94F222EC38940066EC6A /* raster.c */ = {isa = PBXFileReference; fileEncoding = 4; lastKnownFileType = sourcecode.c.c; name = raster.c; path = "lib/freetype-2.10.1/src/raster/raster.c"; sourceTree = "<group>"; };
		34DB94F322EC38940066EC6A /* sfnt.c */ = {isa = PBXFileReference; fileEncoding = 4; lastKnownFileType = sourcecode.c.c; name = sfnt.c; path = "lib/freetype-2.10.1/src/sfnt/sfnt.c"; sourceTree = "<group>"; };
		34DB94F422EC38940066EC6A /* smooth.c */ = {isa = PBXFileReference; fileEncoding = 4; lastKnownFileType = sourcecode.c.c; name = smooth.c; path = "lib/freetype-2.10.1/src/smooth/smooth.c"; sourceTree = "<group>"; };
		34DB94F522EC38940066EC6A /* type1.c */ = {isa = PBXFileReference; fileEncoding = 4; lastKnownFileType = sourcecode.c.c; name = type1.c; path = "lib/freetype-2.10.1/src/type1/type1.c"; sourceTree = "<group>"; };
		34DB94F622EC38940066EC6A /* truetype.c */ = {isa = PBXFileReference; fileEncoding = 4; lastKnownFileType = sourcecode.c.c; name = truetype.c; path = "lib/freetype-2.10.1/src/truetype/truetype.c"; sourceTree = "<group>"; };
		34DB94F722EC38940066EC6A /* psaux.c */ = {isa = PBXFileReference; fileEncoding = 4; lastKnownFileType = sourcecode.c.c; name = psaux.c; path = "lib/freetype-2.10.1/src/psaux/psaux.c"; sourceTree = "<group>"; };
		34DB94F822EC38940066EC6A /* pshinter.c */ = {isa = PBXFileReference; fileEncoding = 4; lastKnownFileType = sourcecode.c.c; name = pshinter.c; path = "lib/freetype-2.10.1/src/pshinter/pshinter.c"; sourceTree = "<group>"; };
		34DB94F922EC38940066EC6A /* winfnt.c */ = {isa = PBXFileReference; fileEncoding = 4; lastKnownFileType = sourcecode.c.c; name = winfnt.c; path = "lib/freetype-2.10.1/src/winfonts/winfnt.c"; sourceTree = "<group>"; };
		34DB94FA22EC38950066EC6A /* psnames.c */ = {isa = PBXFileReference; fileEncoding = 4; lastKnownFileType = sourcecode.c.c; name = psnames.c; path = "lib/freetype-2.10.1/src/psnames/psnames.c"; sourceTree = "<group>"; };
		34DB950822EC3DBB0066EC6A /* ftdebug.c */ = {isa = PBXFileReference; fileEncoding = 4; lastKnownFileType = sourcecode.c.c; name = ftdebug.c; path = "lib/freetype-2.10.1/src/base/ftdebug.c"; sourceTree = "<group>"; };
		34DB950A22EC9B990066EC6A /* text.i */ = {isa = PBXFileReference; lastKnownFileType = sourcecode.c.c.preprocessed; path = text.i; sourceTree = "<group>"; };
		34F3478123129A93008B19FB /* tile_choice.h */ = {isa = PBXFileReference; lastKnownFileType = sourcecode.c.h; path = tile_choice.h; sourceTree = "<group>"; };
		34F3478223129A93008B19FB /* tile_choice.c */ = {isa = PBXFileReference; lastKnownFileType = sourcecode.c.c; path = tile_choice.c; sourceTree = "<group>"; };
		34FE0B6522E30AEC007A1271 /* game.i */ = {isa = PBXFileReference; lastKnownFileType = sourcecode.c.c.preprocessed; path = game.i; sourceTree = "<group>"; };
		34FEFE6422ECF6AF00266420 /* util.i */ = {isa = PBXFileReference; lastKnownFileType = sourcecode.c.c.preprocessed; path = util.i; sourceTree = "<group>"; };
/* End PBXFileReference section */

/* Begin PBXFrameworksBuildPhase section */
		3417E22122D1486100762C69 /* Frameworks */ = {
			isa = PBXFrameworksBuildPhase;
			buildActionMask = 2147483647;
			files = (
			);
			runOnlyForDeploymentPostprocessing = 0;
		};
		3455A6931EC4DA71000057E4 /* Frameworks */ = {
			isa = PBXFrameworksBuildPhase;
			buildActionMask = 2147483647;
			files = (
			);
			runOnlyForDeploymentPostprocessing = 0;
		};
		345E93A522EB2787006FD334 /* Frameworks */ = {
			isa = PBXFrameworksBuildPhase;
			buildActionMask = 2147483647;
			files = (
			);
			runOnlyForDeploymentPostprocessing = 0;
		};
		349C53AF1EC4D6B9008D42C6 /* Frameworks */ = {
			isa = PBXFrameworksBuildPhase;
			buildActionMask = 2147483647;
			files = (
				34DB950722EC3A350066EC6A /* libfreetype.a in Frameworks */,
				345E93AF22EB27A9006FD334 /* libpqueue.a in Frameworks */,
				34C5B3FA22DB2798007F0A79 /* libsds.a in Frameworks */,
				34CD649722D9DD4900C33190 /* libsqlite.a in Frameworks */,
				3417E26922D149B000762C69 /* liblua.a in Frameworks */,
				3455A6B41EC4DB8F000057E4 /* libglfw.a in Frameworks */,
				349C53EA1EC4D70D008D42C6 /* CoreVideo.framework in Frameworks */,
				349C53E91EC4D707008D42C6 /* IOKit.framework in Frameworks */,
				349C53E81EC4D700008D42C6 /* Cocoa.framework in Frameworks */,
				349C53E71EC4D6FC008D42C6 /* OpenGL.framework in Frameworks */,
			);
			runOnlyForDeploymentPostprocessing = 0;
		};
		34C5B3F322DB2753007F0A79 /* Frameworks */ = {
			isa = PBXFrameworksBuildPhase;
			buildActionMask = 2147483647;
			files = (
			);
			runOnlyForDeploymentPostprocessing = 0;
		};
		34CD648F22D9DD2F00C33190 /* Frameworks */ = {
			isa = PBXFrameworksBuildPhase;
			buildActionMask = 2147483647;
			files = (
			);
			runOnlyForDeploymentPostprocessing = 0;
		};
		34DB94B022EC370B0066EC6A /* Frameworks */ = {
			isa = PBXFrameworksBuildPhase;
			buildActionMask = 2147483647;
			files = (
			);
			runOnlyForDeploymentPostprocessing = 0;
		};
/* End PBXFrameworksBuildPhase section */

/* Begin PBXGroup section */
		340B5D0E22D21C9200E53DCA /* single-file */ = {
			isa = PBXGroup;
			children = (
				3415722822D3873D00FB77F2 /* stb_image.h */,
				340B5D0F22D21CB700E53DCA /* stb_ds.h */,
				3466A4B722D4EDEB00ED6CAA /* gb_math.h */,
			);
			name = "single-file";
			sourceTree = "<group>";
		};
		340B5D1022D221CB00E53DCA /* scripting */ = {
			isa = PBXGroup;
			children = (
				3482A55522D6197500AAD098 /* interfaces */,
				347A941222D1B85F002BF97F /* scripting.h */,
				347A941122D1B85F002BF97F /* scripting.c */,
				3482A55722D61BA900AAD098 /* wrapping.c */,
			);
			path = scripting;
			sourceTree = "<group>";
		};
		3417E21E22D1480300762C69 /* lua */ = {
			isa = PBXGroup;
			children = (
				341F12AC22D1FCAB009C844F /* lapi.c */,
				341F129622D1FCAA009C844F /* lauxlib.c */,
				341F12AB22D1FCAA009C844F /* lbaselib.c */,
				341F129722D1FCAA009C844F /* lbitlib.c */,
				341F129322D1FCAA009C844F /* lcode.c */,
				341F12B022D1FCAB009C844F /* lcorolib.c */,
				341F12AA22D1FCAA009C844F /* lctype.c */,
				341F129022D1FCA9009C844F /* ldblib.c */,
				341F12A022D1FCAA009C844F /* ldebug.c */,
				341F129B22D1FCAA009C844F /* ldo.c */,
				341F12A522D1FCAA009C844F /* ldump.c */,
				341F12A422D1FCAA009C844F /* lfunc.c */,
				341F129422D1FCAA009C844F /* lgc.c */,
				341F129222D1FCAA009C844F /* linit.c */,
				341F12AF22D1FCAB009C844F /* liolib.c */,
				341F129C22D1FCAA009C844F /* llex.c */,
				341F12AE22D1FCAB009C844F /* lmathlib.c */,
				341F12A622D1FCAA009C844F /* lmem.c */,
				341F129122D1FCA9009C844F /* loadlib.c */,
				341F129F22D1FCAA009C844F /* lobject.c */,
				341F128F22D1FCA9009C844F /* lopcodes.c */,
				341F12A722D1FCAA009C844F /* loslib.c */,
				341F129E22D1FCAA009C844F /* lparser.c */,
				341F129522D1FCAA009C844F /* lstate.c */,
				341F12A122D1FCAA009C844F /* lstring.c */,
				341F129922D1FCAA009C844F /* lstrlib.c */,
				341F12B122D1FCAB009C844F /* ltable.c */,
				341F129D22D1FCAA009C844F /* ltablib.c */,
				341F12A922D1FCAA009C844F /* ltm.c */,
				341F12A222D1FCAA009C844F /* lua.c */,
				341F12AD22D1FCAB009C844F /* luac.c */,
				341F129822D1FCAA009C844F /* lundump.c */,
				341F12A322D1FCAA009C844F /* lutf8lib.c */,
				341F129A22D1FCAA009C844F /* lvm.c */,
				341F12A822D1FCAA009C844F /* lzio.c */,
			);
			name = lua;
			sourceTree = "<group>";
		};
		3421A238231178FB00459647 /* ui */ = {
			isa = PBXGroup;
			children = (
				3421A2392311792300459647 /* banner.h */,
				3421A23A2311792300459647 /* banner.c */,
				3421A23D2311AFF100459647 /* choice.h */,
				3421A23E2311AFF100459647 /* choice.c */,
				34F3478123129A93008B19FB /* tile_choice.h */,
				34F3478223129A93008B19FB /* tile_choice.c */,
			);
			path = ui;
			sourceTree = "<group>";
		};
		342E3B0D231041A5008AD361 /* platform */ = {
			isa = PBXGroup;
			children = (
				342E3B0E231041A6008AD361 /* macOS.c */,
				342E3B10231041A6008AD361 /* platform.h */,
			);
			path = platform;
			sourceTree = "<group>";
		};
		3455A6901EC4DA41000057E4 /* lib */ = {
			isa = PBXGroup;
			children = (
				3455A6911EC4DA4A000057E4 /* glfw */,
				3417E21E22D1480300762C69 /* lua */,
				3482A56322D683FD00AAD098 /* luafilesystem */,
				34CD648C22D9DC8800C33190 /* sqlite */,
				34C5B3D722DB10D3007F0A79 /* sds */,
				345E93AB22EB2792006FD334 /* pqueue */,
				34DB94B622EC37150066EC6A /* freetype */,
				340B5D0E22D21C9200E53DCA /* single-file */,
			);
			name = lib;
			sourceTree = "<group>";
		};
		3455A6911EC4DA4A000057E4 /* glfw */ = {
			isa = PBXGroup;
			children = (
				341F12E022D1FD65009C844F /* cocoa_init.m */,
				341F12D522D1FD65009C844F /* cocoa_joystick.m */,
				341F12D722D1FD65009C844F /* cocoa_monitor.m */,
				341F12E122D1FD65009C844F /* cocoa_time.c */,
				341F12E222D1FD66009C844F /* cocoa_window.m */,
				341F12DD22D1FD65009C844F /* context.c */,
				341F12F422D20196009C844F /* egl_context.c */,
				341F12D822D1FD65009C844F /* init.c */,
				341F12D622D1FD65009C844F /* input.c */,
				341F12DF22D1FD65009C844F /* monitor.c */,
				341F12DE22D1FD65009C844F /* nsgl_context.m */,
				341F12F322D20196009C844F /* osmesa_context.c */,
				341F12F122D200BC009C844F /* posix_thread.c */,
				341F12DB22D1FD65009C844F /* vulkan.c */,
				341F12DC22D1FD65009C844F /* window.c */,
			);
			name = glfw;
			sourceTree = "<group>";
		};
		345D93711EC4C47D003B7C63 = {
			isa = PBXGroup;
			children = (
				347A941022D1B85F002BF97F /* src */,
				3455A6901EC4DA41000057E4 /* lib */,
				349C53B31EC4D6B9008D42C6 /* Support */,
				345D937B1EC4C47D003B7C63 /* Products */,
				345D93DB1EC4C53B003B7C63 /* Frameworks */,
			);
			sourceTree = "<group>";
		};
		345D937B1EC4C47D003B7C63 /* Products */ = {
			isa = PBXGroup;
			children = (
				349C53B21EC4D6B9008D42C6 /* DunGen.app */,
				3455A6961EC4DA71000057E4 /* libglfw.a */,
				3417E22322D1486100762C69 /* liblua.a */,
				34CD649122D9DD2F00C33190 /* libsqlite.a */,
				34C5B3F522DB2753007F0A79 /* libsds.a */,
				345E93A722EB2787006FD334 /* libpqueue.a */,
				34DB94B222EC370B0066EC6A /* libfreetype.a */,
			);
			name = Products;
			sourceTree = "<group>";
		};
		345D93DB1EC4C53B003B7C63 /* Frameworks */ = {
			isa = PBXGroup;
			children = (
				345D93E21EC4C54C003B7C63 /* Cocoa.framework */,
				345D93E01EC4C543003B7C63 /* IOKit.framework */,
				345D93DE1EC4C540003B7C63 /* CoreVideo.framework */,
				345D93DC1EC4C53B003B7C63 /* OpenGL.framework */,
			);
			name = Frameworks;
			sourceTree = "<group>";
		};
		345E93AB22EB2792006FD334 /* pqueue */ = {
			isa = PBXGroup;
			children = (
				345E93A122EB25B3006FD334 /* pqueue.h */,
				345E93A022EB25B3006FD334 /* pqueue.c */,
			);
			name = pqueue;
			sourceTree = "<group>";
		};
		345E93B022EB2AC1006FD334 /* constraints */ = {
			isa = PBXGroup;
			children = (
				345E93B122EB2AE4006FD334 /* pathfind.h */,
				345E93B222EB2AE4006FD334 /* pathfind.c */,
			);
			path = constraints;
			sourceTree = "<group>";
		};
		347A941022D1B85F002BF97F /* src */ = {
			isa = PBXGroup;
			children = (
				347A945222D1DDC9002BF97F /* stdafx.h */,
				347A941522D1B85F002BF97F /* main.c */,
				3482A55F22D63C2E00AAD098 /* hlvm */,
				345E93B022EB2AC1006FD334 /* constraints */,
				340B5D1022D221CB00E53DCA /* scripting */,
				347A941922D1B868002BF97F /* infrastructure */,
				3421A238231178FB00459647 /* ui */,
				342E3B0D231041A5008AD361 /* platform */,
			);
			path = src;
			sourceTree = "<group>";
		};
		347A941922D1B868002BF97F /* infrastructure */ = {
			isa = PBXGroup;
			children = (
				34CD649822D9DE3B00C33190 /* attributes.h */,
				34CD649922D9DE3B00C33190 /* attributes.c */,
				347A941A22D1B9C5002BF97F /* game.h */,
				347A941B22D1B9C5002BF97F /* game.c */,
				3466A4B422D4D71B00ED6CAA /* images.h */,
				3466A4B522D4D71B00ED6CAA /* images.c */,
				346CC51122DB507900E24845 /* outline.h */,
				346CC51222DB507900E24845 /* outline.c */,
				347A941322D1B85F002BF97F /* rendering.h */,
				347A941422D1B85F002BF97F /* rendering.c */,
				347A941D22D1BE74002BF97F /* util.h */,
				347A941E22D1BE74002BF97F /* util.c */,
				347A945322D1E949002BF97F /* world.h */,
				347A945422D1E949002BF97F /* world.c */,
				340A323222DFB74600685193 /* text.h */,
				340A323322DFB74600685193 /* text.c */,
			);
			path = infrastructure;
			sourceTree = "<group>";
		};
		3482A55522D6197500AAD098 /* interfaces */ = {
			isa = PBXGroup;
			children = (
				3482A55922D6247800AAD098 /* dungen.i */,
				340E1ECF22E3A535004443D1 /* typemaps.i */,
				3482A55B22D624A800AAD098 /* vectors.i */,
				3482A55D22D62E4300AAD098 /* images.i */,
				340E1ECE22E3A4D2004443D1 /* rendering.i */,
				3424314522D7B51E00FC9FBE /* hlvm.i */,
				3482A55622D6198400AAD098 /* world.i */,
				3499472B22DB30D700C5BA7E /* attributes.i */,
				34FE0B6522E30AEC007A1271 /* game.i */,
				344B44F922EB931400A27ADF /* pathfind.i */,
				34DB950A22EC9B990066EC6A /* text.i */,
				34FEFE6422ECF6AF00266420 /* util.i */,
				3421A23C2311932300459647 /* ui.i */,
			);
			path = interfaces;
			sourceTree = "<group>";
		};
		3482A55F22D63C2E00AAD098 /* hlvm */ = {
			isa = PBXGroup;
			children = (
				3482A56022D63C4F00AAD098 /* hlvm.h */,
				3482A56122D63C4F00AAD098 /* hlvm.c */,
			);
			path = hlvm;
			sourceTree = "<group>";
		};
		3482A56322D683FD00AAD098 /* luafilesystem */ = {
			isa = PBXGroup;
			children = (
				3482A56422D6842000AAD098 /* lfs.c */,
			);
			name = luafilesystem;
			sourceTree = "<group>";
		};
		349C53B31EC4D6B9008D42C6 /* Support */ = {
			isa = PBXGroup;
			children = (
				349C53C21EC4D6B9008D42C6 /* Info.plist */,
				344C39E41EC4E0B2007F9466 /* Assets.xcassets */,
			);
			name = Support;
			sourceTree = "<group>";
		};
		34C5B3D722DB10D3007F0A79 /* sds */ = {
			isa = PBXGroup;
			children = (
				34C5B3EE22DB2128007F0A79 /* sds.c */,
			);
			name = sds;
			sourceTree = "<group>";
		};
		34CD648C22D9DC8800C33190 /* sqlite */ = {
			isa = PBXGroup;
			children = (
				34CD649522D9DD3D00C33190 /* sqlite3.c */,
			);
			name = sqlite;
			sourceTree = "<group>";
		};
		34DB94B622EC37150066EC6A /* freetype */ = {
			isa = PBXGroup;
			children = (
				34DB94B722EC37680066EC6A /* autofit.c */,
				34DB94BB22EC37E90066EC6A /* ftbase.c */,
				34DB94C822EC37EA0066EC6A /* ftbbox.c */,
				34DB94BF22EC37E90066EC6A /* ftbdf.c */,
				34DB94C522EC37E90066EC6A /* ftbitmap.c */,
				34DB94BE22EC37E90066EC6A /* ftcid.c */,
				34DB950822EC3DBB0066EC6A /* ftdebug.c */,
				34DB94C222EC37E90066EC6A /* ftfstype.c */,
				34DB94C722EC37EA0066EC6A /* ftgasp.c */,
				34DB94B922EC37E90066EC6A /* ftglyph.c */,
				34DB94BC22EC37E90066EC6A /* ftgxval.c */,
				34DB94C922EC37EA0066EC6A /* ftinit.c */,
				34DB94C622EC37E90066EC6A /* ftmm.c */,
				34DB94BA22EC37E90066EC6A /* ftotval.c */,
				34DB94C122EC37E90066EC6A /* ftpatent.c */,
				34DB94C322EC37E90066EC6A /* ftpfr.c */,
				34DB94CA22EC37EA0066EC6A /* ftstroke.c */,
				34DB94CB22EC37EA0066EC6A /* ftsynth.c */,
				34DB94BD22EC37E90066EC6A /* ftsystem.c */,
				34DB94C422EC37E90066EC6A /* fttype1.c */,
				34DB94C022EC37E90066EC6A /* ftwinfnt.c */,
				34DB94DF22EC37FC0066EC6A /* bdf.c */,
				34DB94E522EC38450066EC6A /* cff.c */,
				34DB94E222EC38450066EC6A /* ftbzip2.c */,
				34C5D6EE22EE32BB004B8F80 /* ftcache.c */,
				34DB94E722EC38450066EC6A /* ftgzip.c */,
				34DB94E322EC38450066EC6A /* ftlzw.c */,
				34DB94E122EC38440066EC6A /* pcf.c */,
				34DB94E422EC38450066EC6A /* pfr.c */,
				34DB94E822EC38450066EC6A /* type1cid.c */,
				34DB94F722EC38940066EC6A /* psaux.c */,
				34DB94F822EC38940066EC6A /* pshinter.c */,
				34DB94FA22EC38950066EC6A /* psnames.c */,
				34DB94F222EC38940066EC6A /* raster.c */,
				34DB94F322EC38940066EC6A /* sfnt.c */,
				34DB94F422EC38940066EC6A /* smooth.c */,
				34DB94F622EC38940066EC6A /* truetype.c */,
				34DB94F522EC38940066EC6A /* type1.c */,
				34DB94F122EC38940066EC6A /* type42.c */,
				34DB94F922EC38940066EC6A /* winfnt.c */,
			);
			name = freetype;
			sourceTree = "<group>";
		};
/* End PBXGroup section */

/* Begin PBXHeadersBuildPhase section */
		3417E21F22D1486100762C69 /* Headers */ = {
			isa = PBXHeadersBuildPhase;
			buildActionMask = 2147483647;
			files = (
			);
			runOnlyForDeploymentPostprocessing = 0;
		};
		3455A6941EC4DA71000057E4 /* Headers */ = {
			isa = PBXHeadersBuildPhase;
			buildActionMask = 2147483647;
			files = (
			);
			runOnlyForDeploymentPostprocessing = 0;
		};
		345E93A322EB2787006FD334 /* Headers */ = {
			isa = PBXHeadersBuildPhase;
			buildActionMask = 2147483647;
			files = (
			);
			runOnlyForDeploymentPostprocessing = 0;
		};
		34C5B3F122DB2753007F0A79 /* Headers */ = {
			isa = PBXHeadersBuildPhase;
			buildActionMask = 2147483647;
			files = (
			);
			runOnlyForDeploymentPostprocessing = 0;
		};
		34CD648D22D9DD2F00C33190 /* Headers */ = {
			isa = PBXHeadersBuildPhase;
			buildActionMask = 2147483647;
			files = (
			);
			runOnlyForDeploymentPostprocessing = 0;
		};
		34DB94AE22EC370B0066EC6A /* Headers */ = {
			isa = PBXHeadersBuildPhase;
			buildActionMask = 2147483647;
			files = (
			);
			runOnlyForDeploymentPostprocessing = 0;
		};
/* End PBXHeadersBuildPhase section */

/* Begin PBXNativeTarget section */
		3417E22222D1486100762C69 /* lua */ = {
			isa = PBXNativeTarget;
			buildConfigurationList = 3417E22422D1486100762C69 /* Build configuration list for PBXNativeTarget "lua" */;
			buildPhases = (
				3417E21F22D1486100762C69 /* Headers */,
				3417E22022D1486100762C69 /* Sources */,
				3417E22122D1486100762C69 /* Frameworks */,
			);
			buildRules = (
			);
			dependencies = (
			);
			name = lua;
			productName = lua;
			productReference = 3417E22322D1486100762C69 /* liblua.a */;
			productType = "com.apple.product-type.library.static";
		};
		3455A6951EC4DA71000057E4 /* glfw */ = {
			isa = PBXNativeTarget;
			buildConfigurationList = 3455A6971EC4DA71000057E4 /* Build configuration list for PBXNativeTarget "glfw" */;
			buildPhases = (
				3455A6921EC4DA71000057E4 /* Sources */,
				3455A6931EC4DA71000057E4 /* Frameworks */,
				3455A6941EC4DA71000057E4 /* Headers */,
			);
			buildRules = (
			);
			dependencies = (
			);
			name = glfw;
			productName = glfw;
			productReference = 3455A6961EC4DA71000057E4 /* libglfw.a */;
			productType = "com.apple.product-type.library.static";
		};
		345E93A622EB2787006FD334 /* pqueue */ = {
			isa = PBXNativeTarget;
			buildConfigurationList = 345E93A822EB2787006FD334 /* Build configuration list for PBXNativeTarget "pqueue" */;
			buildPhases = (
				345E93A322EB2787006FD334 /* Headers */,
				345E93A422EB2787006FD334 /* Sources */,
				345E93A522EB2787006FD334 /* Frameworks */,
			);
			buildRules = (
			);
			dependencies = (
			);
			name = pqueue;
			productName = pqueue;
			productReference = 345E93A722EB2787006FD334 /* libpqueue.a */;
			productType = "com.apple.product-type.library.static";
		};
		349C53B11EC4D6B9008D42C6 /* DunGen */ = {
			isa = PBXNativeTarget;
			buildConfigurationList = 349C53E41EC4D6B9008D42C6 /* Build configuration list for PBXNativeTarget "DunGen" */;
			buildPhases = (
				3424314622D7B56B00FC9FBE /* Try to Generate SWIG Wrappings */,
				349C53AE1EC4D6B9008D42C6 /* Sources */,
				349C53AF1EC4D6B9008D42C6 /* Frameworks */,
				349C53B01EC4D6B9008D42C6 /* Resources */,
				340B5D0D22D2138700E53DCA /* Copy Resources */,
				34279F6122DA28F100B825D0 /* Copy .app to build directory */,
			);
			buildRules = (
			);
			dependencies = (
				34DB950622EC3A2E0066EC6A /* PBXTargetDependency */,
				345E93AE22EB27A5006FD334 /* PBXTargetDependency */,
				3450505722DB77A300D3485B /* PBXTargetDependency */,
				3450505922DB77A300D3485B /* PBXTargetDependency */,
				3450505B22DB77A300D3485B /* PBXTargetDependency */,
				3450505D22DB77A300D3485B /* PBXTargetDependency */,
			);
			name = DunGen;
			productName = DunGen;
			productReference = 349C53B21EC4D6B9008D42C6 /* DunGen.app */;
			productType = "com.apple.product-type.application";
		};
		34C5B3F422DB2753007F0A79 /* sds */ = {
			isa = PBXNativeTarget;
			buildConfigurationList = 34C5B3F622DB2753007F0A79 /* Build configuration list for PBXNativeTarget "sds" */;
			buildPhases = (
				34C5B3F122DB2753007F0A79 /* Headers */,
				34C5B3F222DB2753007F0A79 /* Sources */,
				34C5B3F322DB2753007F0A79 /* Frameworks */,
			);
			buildRules = (
			);
			dependencies = (
			);
			name = sds;
			productName = sds;
			productReference = 34C5B3F522DB2753007F0A79 /* libsds.a */;
			productType = "com.apple.product-type.library.static";
		};
		34CD649022D9DD2F00C33190 /* sqlite */ = {
			isa = PBXNativeTarget;
			buildConfigurationList = 34CD649222D9DD2F00C33190 /* Build configuration list for PBXNativeTarget "sqlite" */;
			buildPhases = (
				34CD648D22D9DD2F00C33190 /* Headers */,
				34CD648E22D9DD2F00C33190 /* Sources */,
				34CD648F22D9DD2F00C33190 /* Frameworks */,
			);
			buildRules = (
			);
			dependencies = (
			);
			name = sqlite;
			productName = sqlite;
			productReference = 34CD649122D9DD2F00C33190 /* libsqlite.a */;
			productType = "com.apple.product-type.library.static";
		};
		34DB94B122EC370B0066EC6A /* freetype */ = {
			isa = PBXNativeTarget;
			buildConfigurationList = 34DB94B322EC370B0066EC6A /* Build configuration list for PBXNativeTarget "freetype" */;
			buildPhases = (
				34DB94AE22EC370B0066EC6A /* Headers */,
				34DB94AF22EC370B0066EC6A /* Sources */,
				34DB94B022EC370B0066EC6A /* Frameworks */,
			);
			buildRules = (
			);
			dependencies = (
			);
			name = freetype;
			productName = freetype;
			productReference = 34DB94B222EC370B0066EC6A /* libfreetype.a */;
			productType = "com.apple.product-type.library.static";
		};
/* End PBXNativeTarget section */

/* Begin PBXProject section */
		345D93721EC4C47D003B7C63 /* Project object */ = {
			isa = PBXProject;
			attributes = {
				LastUpgradeCheck = 1030;
				ORGANIZATIONNAME = "";
				TargetAttributes = {
					3417E22222D1486100762C69 = {
						CreatedOnToolsVersion = 10.2.1;
						DevelopmentTeam = CFJYV723M9;
						ProvisioningStyle = Automatic;
					};
					3455A6951EC4DA71000057E4 = {
						CreatedOnToolsVersion = 8.3.2;
						DevelopmentTeam = CFJYV723M9;
						ProvisioningStyle = Automatic;
					};
					345E93A622EB2787006FD334 = {
						CreatedOnToolsVersion = 10.3;
						DevelopmentTeam = CFJYV723M9;
						ProvisioningStyle = Automatic;
					};
					349C53B11EC4D6B9008D42C6 = {
						CreatedOnToolsVersion = 8.3.2;
						DevelopmentTeam = CFJYV723M9;
						ProvisioningStyle = Automatic;
					};
					34C5B3F422DB2753007F0A79 = {
						CreatedOnToolsVersion = 10.2.1;
						DevelopmentTeam = CFJYV723M9;
						ProvisioningStyle = Automatic;
					};
					34CD649022D9DD2F00C33190 = {
						CreatedOnToolsVersion = 10.2.1;
						DevelopmentTeam = CFJYV723M9;
						ProvisioningStyle = Automatic;
					};
					34DB94B122EC370B0066EC6A = {
						CreatedOnToolsVersion = 10.3;
						DevelopmentTeam = CFJYV723M9;
						ProvisioningStyle = Automatic;
					};
				};
			};
			buildConfigurationList = 345D93751EC4C47D003B7C63 /* Build configuration list for PBXProject "DunGen" */;
			compatibilityVersion = "Xcode 3.2";
			developmentRegion = en;
			hasScannedForEncodings = 0;
			knownRegions = (
				en,
				Base,
			);
			mainGroup = 345D93711EC4C47D003B7C63;
			productRefGroup = 345D937B1EC4C47D003B7C63 /* Products */;
			projectDirPath = "";
			projectRoot = "";
			targets = (
				349C53B11EC4D6B9008D42C6 /* DunGen */,
				3455A6951EC4DA71000057E4 /* glfw */,
				3417E22222D1486100762C69 /* lua */,
				34CD649022D9DD2F00C33190 /* sqlite */,
				34C5B3F422DB2753007F0A79 /* sds */,
				345E93A622EB2787006FD334 /* pqueue */,
				34DB94B122EC370B0066EC6A /* freetype */,
			);
		};
/* End PBXProject section */

/* Begin PBXResourcesBuildPhase section */
		349C53B01EC4D6B9008D42C6 /* Resources */ = {
			isa = PBXResourcesBuildPhase;
			buildActionMask = 2147483647;
			files = (
				344C39E51EC4E0B2007F9466 /* Assets.xcassets in Resources */,
			);
			runOnlyForDeploymentPostprocessing = 0;
		};
/* End PBXResourcesBuildPhase section */

/* Begin PBXShellScriptBuildPhase section */
		340B5D0D22D2138700E53DCA /* Copy Resources */ = {
			isa = PBXShellScriptBuildPhase;
			buildActionMask = 2147483647;
			files = (
			);
			inputFileListPaths = (
			);
			inputPaths = (
			);
			name = "Copy Resources";
			outputFileListPaths = (
			);
			outputPaths = (
			);
			runOnlyForDeploymentPostprocessing = 0;
			shellPath = /bin/sh;
			shellScript = "cp -R ${PROJECT_DIR}/scripts ${CONFIGURATION_BUILD_DIR}/${UNLOCALIZED_RESOURCES_FOLDER_PATH}\ncp -R ${PROJECT_DIR}/images ${CONFIGURATION_BUILD_DIR}/${UNLOCALIZED_RESOURCES_FOLDER_PATH}\ncp -R ${PROJECT_DIR}/fonts ${CONFIGURATION_BUILD_DIR}/${UNLOCALIZED_RESOURCES_FOLDER_PATH}\n";
		};
		3424314622D7B56B00FC9FBE /* Try to Generate SWIG Wrappings */ = {
			isa = PBXShellScriptBuildPhase;
			buildActionMask = 2147483647;
			files = (
			);
			inputFileListPaths = (
			);
			inputPaths = (
			);
			name = "Try to Generate SWIG Wrappings";
			outputFileListPaths = (
			);
			outputPaths = (
			);
			runOnlyForDeploymentPostprocessing = 0;
			shellPath = /bin/sh;
			shellScript = "type swig >/dev/null 2>&1 || exit 0\n\nswig -lua -Werror -o ${PROJECT_DIR}/src/scripting/wrapping.c ${PROJECT_DIR}/src/scripting/interfaces/dungen.i\n";
			showEnvVarsInLog = 0;
		};
		34279F6122DA28F100B825D0 /* Copy .app to build directory */ = {
			isa = PBXShellScriptBuildPhase;
			buildActionMask = 2147483647;
			files = (
			);
			inputFileListPaths = (
			);
			inputPaths = (
			);
			name = "Copy .app to build directory";
			outputFileListPaths = (
			);
			outputPaths = (
			);
			runOnlyForDeploymentPostprocessing = 0;
			shellPath = /bin/sh;
			shellScript = "buildProduct=\"${BUILT_PRODUCTS_DIR}/${FULL_PRODUCT_NAME}\"\noutputDir=\"${PROJECT_DIR}/build/${CONFIGURATION}\"\noutputProduct=\"$outputDir/${FULL_PRODUCT_NAME}\"\n\nif [ $buildProduct != $outputProduct ]; then\n    mkdir -p $outputDir\n    rm -rf $outputProduct\n    cp -r $buildProduct $outputDir\nfi\n";
			showEnvVarsInLog = 0;
		};
/* End PBXShellScriptBuildPhase section */

/* Begin PBXSourcesBuildPhase section */
		3417E22022D1486100762C69 /* Sources */ = {
			isa = PBXSourcesBuildPhase;
			buildActionMask = 2147483647;
			files = (
				341F12BE22D1FCAB009C844F /* ldo.c in Sources */,
				341F12B822D1FCAB009C844F /* lstate.c in Sources */,
				341F12B722D1FCAB009C844F /* lgc.c in Sources */,
				341F12CE22D1FCAB009C844F /* lbaselib.c in Sources */,
				341F12D022D1FCAB009C844F /* luac.c in Sources */,
				341F12C122D1FCAB009C844F /* lparser.c in Sources */,
				341F12C622D1FCAB009C844F /* lutf8lib.c in Sources */,
				341F12C522D1FCAB009C844F /* lua.c in Sources */,
				341F12D122D1FCAB009C844F /* lmathlib.c in Sources */,
				341F12BA22D1FCAB009C844F /* lbitlib.c in Sources */,
				341F12C222D1FCAB009C844F /* lobject.c in Sources */,
				341F12C422D1FCAB009C844F /* lstring.c in Sources */,
				341F12BB22D1FCAB009C844F /* lundump.c in Sources */,
				341F12C922D1FCAB009C844F /* lmem.c in Sources */,
				341F12B522D1FCAB009C844F /* linit.c in Sources */,
				341F12BF22D1FCAB009C844F /* llex.c in Sources */,
				341F12D422D1FCAB009C844F /* ltable.c in Sources */,
				341F12CB22D1FCAB009C844F /* lzio.c in Sources */,
				341F12CD22D1FCAB009C844F /* lctype.c in Sources */,
				341F12D222D1FCAB009C844F /* liolib.c in Sources */,
				341F12C022D1FCAB009C844F /* ltablib.c in Sources */,
				341F12BC22D1FCAB009C844F /* lstrlib.c in Sources */,
				341F12C822D1FCAB009C844F /* ldump.c in Sources */,
				341F12B922D1FCAB009C844F /* lauxlib.c in Sources */,
				341F12B322D1FCAB009C844F /* ldblib.c in Sources */,
				341F12B422D1FCAB009C844F /* loadlib.c in Sources */,
				341F12CA22D1FCAB009C844F /* loslib.c in Sources */,
				3482A56522D6842000AAD098 /* lfs.c in Sources */,
				341F12BD22D1FCAB009C844F /* lvm.c in Sources */,
				341F12D322D1FCAB009C844F /* lcorolib.c in Sources */,
				341F12C722D1FCAB009C844F /* lfunc.c in Sources */,
				341F12CF22D1FCAB009C844F /* lapi.c in Sources */,
				341F12B222D1FCAB009C844F /* lopcodes.c in Sources */,
				341F12CC22D1FCAB009C844F /* ltm.c in Sources */,
				341F12C322D1FCAB009C844F /* ldebug.c in Sources */,
				341F12B622D1FCAB009C844F /* lcode.c in Sources */,
			);
			runOnlyForDeploymentPostprocessing = 0;
		};
		3455A6921EC4DA71000057E4 /* Sources */ = {
			isa = PBXSourcesBuildPhase;
			buildActionMask = 2147483647;
			files = (
				341F12EB22D1FD66009C844F /* context.c in Sources */,
				341F12EF22D1FD66009C844F /* cocoa_time.c in Sources */,
				341F12E922D1FD66009C844F /* vulkan.c in Sources */,
				341F12F622D20196009C844F /* egl_context.c in Sources */,
				341F12EA22D1FD66009C844F /* window.c in Sources */,
				341F12F222D200BC009C844F /* posix_thread.c in Sources */,
				341F12ED22D1FD66009C844F /* monitor.c in Sources */,
				341F12E522D1FD66009C844F /* cocoa_monitor.m in Sources */,
				341F12E422D1FD66009C844F /* input.c in Sources */,
				341F12F022D1FD66009C844F /* cocoa_window.m in Sources */,
				341F12E322D1FD66009C844F /* cocoa_joystick.m in Sources */,
				341F12E622D1FD66009C844F /* init.c in Sources */,
				341F12EC22D1FD66009C844F /* nsgl_context.m in Sources */,
				341F12EE22D1FD66009C844F /* cocoa_init.m in Sources */,
				341F12F522D20196009C844F /* osmesa_context.c in Sources */,
			);
			runOnlyForDeploymentPostprocessing = 0;
		};
		345E93A422EB2787006FD334 /* Sources */ = {
			isa = PBXSourcesBuildPhase;
			buildActionMask = 2147483647;
			files = (
				345E93AC22EB279D006FD334 /* pqueue.c in Sources */,
			);
			runOnlyForDeploymentPostprocessing = 0;
		};
		349C53AE1EC4D6B9008D42C6 /* Sources */ = {
			isa = PBXSourcesBuildPhase;
			buildActionMask = 2147483647;
			files = (
				347A945522D1E949002BF97F /* world.c in Sources */,
				346CC51322DB507900E24845 /* outline.c in Sources */,
				347A941F22D1BE74002BF97F /* util.c in Sources */,
				345E93B322EB2AE4006FD334 /* pathfind.c in Sources */,
				3482A55822D61C6700AAD098 /* wrapping.c in Sources */,
				3421A23F2311AFF100459647 /* choice.c in Sources */,
				342E3B11231041A6008AD361 /* macOS.c in Sources */,
				347A941722D1B85F002BF97F /* rendering.c in Sources */,
				34CD649A22D9DE3B00C33190 /* attributes.c in Sources */,
				347A941C22D1B9C5002BF97F /* game.c in Sources */,
				347A941622D1B85F002BF97F /* scripting.c in Sources */,
				340A323422DFB74600685193 /* text.c in Sources */,
				3482A56222D63C4F00AAD098 /* hlvm.c in Sources */,
				347A941822D1B85F002BF97F /* main.c in Sources */,
				3421A23B2311792300459647 /* banner.c in Sources */,
				34F3478323129A93008B19FB /* tile_choice.c in Sources */,
				3466A4B622D4D71B00ED6CAA /* images.c in Sources */,
			);
			runOnlyForDeploymentPostprocessing = 0;
		};
		34C5B3F222DB2753007F0A79 /* Sources */ = {
			isa = PBXSourcesBuildPhase;
			buildActionMask = 2147483647;
			files = (
				34C5B3F922DB2767007F0A79 /* sds.c in Sources */,
			);
			runOnlyForDeploymentPostprocessing = 0;
		};
		34CD648E22D9DD2F00C33190 /* Sources */ = {
			isa = PBXSourcesBuildPhase;
			buildActionMask = 2147483647;
			files = (
				34CD649622D9DD3E00C33190 /* sqlite3.c in Sources */,
			);
			runOnlyForDeploymentPostprocessing = 0;
		};
		34DB94AF22EC370B0066EC6A /* Sources */ = {
			isa = PBXSourcesBuildPhase;
			buildActionMask = 2147483647;
			files = (
				34DB94D322EC37EA0066EC6A /* ftwinfnt.c in Sources */,
				34DB94EF22EC38450066EC6A /* ftgzip.c in Sources */,
				34DB94D522EC37EA0066EC6A /* ftfstype.c in Sources */,
				34DB94EA22EC38450066EC6A /* ftbzip2.c in Sources */,
				34DB94D722EC37EA0066EC6A /* fttype1.c in Sources */,
				34DB94CC22EC37EA0066EC6A /* ftglyph.c in Sources */,
				34DB94D122EC37EA0066EC6A /* ftcid.c in Sources */,
				34DB94FB22EC38950066EC6A /* type42.c in Sources */,
				34DB94D922EC37EA0066EC6A /* ftmm.c in Sources */,
				34DB950122EC38950066EC6A /* psaux.c in Sources */,
				34DB94B822EC37680066EC6A /* autofit.c in Sources */,
				34DB94CE22EC37EA0066EC6A /* ftbase.c in Sources */,
				34DB94D622EC37EA0066EC6A /* ftpfr.c in Sources */,
				34DB94E022EC37FC0066EC6A /* bdf.c in Sources */,
				34DB94FE22EC38950066EC6A /* smooth.c in Sources */,
				34DB94FF22EC38950066EC6A /* type1.c in Sources */,
				34C5D6EF22EE32BC004B8F80 /* ftcache.c in Sources */,
				34DB94DC22EC37EA0066EC6A /* ftinit.c in Sources */,
				34DB94F022EC38450066EC6A /* type1cid.c in Sources */,
				34DB950922EC3DBB0066EC6A /* ftdebug.c in Sources */,
				34DB94E922EC38450066EC6A /* pcf.c in Sources */,
				34DB94DD22EC37EA0066EC6A /* ftstroke.c in Sources */,
				34DB950022EC38950066EC6A /* truetype.c in Sources */,
				34DB94FD22EC38950066EC6A /* sfnt.c in Sources */,
				34DB950422EC38950066EC6A /* psnames.c in Sources */,
				34DB94CD22EC37EA0066EC6A /* ftotval.c in Sources */,
				34DB94EC22EC38450066EC6A /* pfr.c in Sources */,
				34DB94EB22EC38450066EC6A /* ftlzw.c in Sources */,
				34DB94D022EC37EA0066EC6A /* ftsystem.c in Sources */,
				34DB950322EC38950066EC6A /* winfnt.c in Sources */,
				34DB94D422EC37EA0066EC6A /* ftpatent.c in Sources */,
				34DB94DB22EC37EA0066EC6A /* ftbbox.c in Sources */,
				34DB94D222EC37EA0066EC6A /* ftbdf.c in Sources */,
				34DB94D822EC37EA0066EC6A /* ftbitmap.c in Sources */,
				34DB94DA22EC37EA0066EC6A /* ftgasp.c in Sources */,
				34DB950222EC38950066EC6A /* pshinter.c in Sources */,
				34DB94FC22EC38950066EC6A /* raster.c in Sources */,
				34DB94ED22EC38450066EC6A /* cff.c in Sources */,
				34DB94DE22EC37EA0066EC6A /* ftsynth.c in Sources */,
				34DB94CF22EC37EA0066EC6A /* ftgxval.c in Sources */,
			);
			runOnlyForDeploymentPostprocessing = 0;
		};
/* End PBXSourcesBuildPhase section */

/* Begin PBXTargetDependency section */
		3450505722DB77A300D3485B /* PBXTargetDependency */ = {
			isa = PBXTargetDependency;
			target = 3455A6951EC4DA71000057E4 /* glfw */;
			targetProxy = 3450505622DB77A300D3485B /* PBXContainerItemProxy */;
		};
		3450505922DB77A300D3485B /* PBXTargetDependency */ = {
			isa = PBXTargetDependency;
			target = 3417E22222D1486100762C69 /* lua */;
			targetProxy = 3450505822DB77A300D3485B /* PBXContainerItemProxy */;
		};
		3450505B22DB77A300D3485B /* PBXTargetDependency */ = {
			isa = PBXTargetDependency;
			target = 34CD649022D9DD2F00C33190 /* sqlite */;
			targetProxy = 3450505A22DB77A300D3485B /* PBXContainerItemProxy */;
		};
		3450505D22DB77A300D3485B /* PBXTargetDependency */ = {
			isa = PBXTargetDependency;
			target = 34C5B3F422DB2753007F0A79 /* sds */;
			targetProxy = 3450505C22DB77A300D3485B /* PBXContainerItemProxy */;
		};
		345E93AE22EB27A5006FD334 /* PBXTargetDependency */ = {
			isa = PBXTargetDependency;
			target = 345E93A622EB2787006FD334 /* pqueue */;
			targetProxy = 345E93AD22EB27A5006FD334 /* PBXContainerItemProxy */;
		};
		34DB950622EC3A2E0066EC6A /* PBXTargetDependency */ = {
			isa = PBXTargetDependency;
			target = 34DB94B122EC370B0066EC6A /* freetype */;
			targetProxy = 34DB950522EC3A2E0066EC6A /* PBXContainerItemProxy */;
		};
/* End PBXTargetDependency section */

/* Begin XCBuildConfiguration section */
		3417E22522D1486100762C69 /* Debug */ = {
			isa = XCBuildConfiguration;
			buildSettings = {
				CLANG_CXX_LANGUAGE_STANDARD = "gnu++14";
				CLANG_ENABLE_OBJC_WEAK = YES;
				CLANG_WARN_BLOCK_CAPTURE_AUTORELEASING = YES;
				CLANG_WARN_COMMA = YES;
				CLANG_WARN_DEPRECATED_OBJC_IMPLEMENTATIONS = YES;
				CLANG_WARN_NON_LITERAL_NULL_CONVERSION = YES;
				CLANG_WARN_OBJC_IMPLICIT_RETAIN_SELF = YES;
				CLANG_WARN_OBJC_LITERAL_CONVERSION = YES;
				CLANG_WARN_RANGE_LOOP_ANALYSIS = YES;
				CLANG_WARN_STRICT_PROTOTYPES = YES;
				CLANG_WARN_UNGUARDED_AVAILABILITY = YES_AGGRESSIVE;
				EXECUTABLE_PREFIX = lib;
				GCC_C_LANGUAGE_STANDARD = gnu11;
				GCC_PREPROCESSOR_DEFINITIONS = (
					"DEBUG=1",
					LUA_USE_DLOPEN,
					"$(inherited)",
				);
				GCC_WARN_INHIBIT_ALL_WARNINGS = YES;
				HEADER_SEARCH_PATHS = "lib/lua-5.3.5/src";
				MTL_ENABLE_DEBUG_INFO = INCLUDE_SOURCE;
				MTL_FAST_MATH = YES;
				PRODUCT_NAME = "$(TARGET_NAME)";
				SKIP_INSTALL = YES;
			};
			name = Debug;
		};
		3417E22622D1486100762C69 /* Release */ = {
			isa = XCBuildConfiguration;
			buildSettings = {
				CLANG_CXX_LANGUAGE_STANDARD = "gnu++14";
				CLANG_ENABLE_OBJC_WEAK = YES;
				CLANG_WARN_BLOCK_CAPTURE_AUTORELEASING = YES;
				CLANG_WARN_COMMA = YES;
				CLANG_WARN_DEPRECATED_OBJC_IMPLEMENTATIONS = YES;
				CLANG_WARN_NON_LITERAL_NULL_CONVERSION = YES;
				CLANG_WARN_OBJC_IMPLICIT_RETAIN_SELF = YES;
				CLANG_WARN_OBJC_LITERAL_CONVERSION = YES;
				CLANG_WARN_RANGE_LOOP_ANALYSIS = YES;
				CLANG_WARN_STRICT_PROTOTYPES = YES;
				CLANG_WARN_UNGUARDED_AVAILABILITY = YES_AGGRESSIVE;
				EXECUTABLE_PREFIX = lib;
				GCC_C_LANGUAGE_STANDARD = gnu11;
				GCC_WARN_INHIBIT_ALL_WARNINGS = YES;
				HEADER_SEARCH_PATHS = "lib/lua-5.3.5/src";
				MTL_FAST_MATH = YES;
				PRODUCT_NAME = "$(TARGET_NAME)";
				SKIP_INSTALL = YES;
			};
			name = Release;
		};
		3455A6981EC4DA71000057E4 /* Debug */ = {
			isa = XCBuildConfiguration;
			buildSettings = {
				CLANG_ENABLE_OBJC_ARC = NO;
				CLANG_ENABLE_OBJC_WEAK = YES;
				EXECUTABLE_PREFIX = lib;
				GCC_PREPROCESSOR_DEFINITIONS = (
					"$(inherited)",
					_GLFW_COCOA,
					_GLFW_BUILD_DLL,
				);
				GCC_WARN_INHIBIT_ALL_WARNINGS = YES;
				PRODUCT_NAME = "$(TARGET_NAME)";
				SKIP_INSTALL = YES;
			};
			name = Debug;
		};
		3455A6991EC4DA71000057E4 /* Release */ = {
			isa = XCBuildConfiguration;
			buildSettings = {
				CLANG_ENABLE_OBJC_ARC = NO;
				CLANG_ENABLE_OBJC_WEAK = YES;
				EXECUTABLE_PREFIX = lib;
				GCC_PREPROCESSOR_DEFINITIONS = (
					_GLFW_COCOA,
					_GLFW_BUILD_DLL,
				);
				GCC_WARN_INHIBIT_ALL_WARNINGS = YES;
				PRODUCT_NAME = "$(TARGET_NAME)";
				SKIP_INSTALL = YES;
			};
			name = Release;
		};
		345D937F1EC4C47D003B7C63 /* Debug */ = {
			isa = XCBuildConfiguration;
			buildSettings = {
				ALWAYS_SEARCH_USER_PATHS = NO;
				CLANG_ANALYZER_LOCALIZABILITY_NONLOCALIZED = YES;
				CLANG_ANALYZER_NONNULL = YES;
				CLANG_ANALYZER_NUMBER_OBJECT_CONVERSION = YES_AGGRESSIVE;
				CLANG_ENABLE_MODULES = YES;
				CLANG_ENABLE_OBJC_ARC = YES;
				CLANG_WARN_BLOCK_CAPTURE_AUTORELEASING = YES;
				CLANG_WARN_BOOL_CONVERSION = YES;
				CLANG_WARN_COMMA = YES;
				CLANG_WARN_CONSTANT_CONVERSION = YES;
				CLANG_WARN_DEPRECATED_OBJC_IMPLEMENTATIONS = YES;
				CLANG_WARN_DIRECT_OBJC_ISA_USAGE = YES_ERROR;
				CLANG_WARN_DOCUMENTATION_COMMENTS = YES;
				CLANG_WARN_EMPTY_BODY = YES;
				CLANG_WARN_ENUM_CONVERSION = YES;
				CLANG_WARN_INFINITE_RECURSION = YES;
				CLANG_WARN_INT_CONVERSION = YES;
				CLANG_WARN_NON_LITERAL_NULL_CONVERSION = YES;
				CLANG_WARN_OBJC_IMPLICIT_RETAIN_SELF = YES;
				CLANG_WARN_OBJC_LITERAL_CONVERSION = YES;
				CLANG_WARN_OBJC_ROOT_CLASS = YES_ERROR;
				CLANG_WARN_RANGE_LOOP_ANALYSIS = YES;
				CLANG_WARN_STRICT_PROTOTYPES = YES;
				CLANG_WARN_SUSPICIOUS_MOVE = YES;
				CLANG_WARN_UNREACHABLE_CODE = YES;
				CLANG_WARN__DUPLICATE_METHOD_MATCH = YES;
				CODE_SIGN_IDENTITY = "-";
				COPY_PHASE_STRIP = NO;
				DEBUG_INFORMATION_FORMAT = dwarf;
				ENABLE_STRICT_OBJC_MSGSEND = YES;
				ENABLE_TESTABILITY = YES;
				GCC_C_LANGUAGE_STANDARD = c11;
				GCC_DYNAMIC_NO_PIC = NO;
				GCC_OPTIMIZATION_LEVEL = 0;
				GCC_PREPROCESSOR_DEFINITIONS = (
					"DEBUG=1",
					"$(inherited)",
				);
				GCC_WARN_64_TO_32_BIT_CONVERSION = YES;
				GCC_WARN_ABOUT_RETURN_TYPE = YES_ERROR;
				GCC_WARN_UNDECLARED_SELECTOR = YES;
				GCC_WARN_UNINITIALIZED_AUTOS = YES_AGGRESSIVE;
				GCC_WARN_UNUSED_FUNCTION = YES;
				GCC_WARN_UNUSED_VARIABLE = YES;
				MTL_ENABLE_DEBUG_INFO = YES;
				ONLY_ACTIVE_ARCH = YES;
				SDKROOT = macosx;
			};
			name = Debug;
		};
		345D93801EC4C47D003B7C63 /* Release */ = {
			isa = XCBuildConfiguration;
			buildSettings = {
				ALWAYS_SEARCH_USER_PATHS = NO;
				CLANG_ANALYZER_LOCALIZABILITY_NONLOCALIZED = YES;
				CLANG_ANALYZER_NONNULL = YES;
				CLANG_ANALYZER_NUMBER_OBJECT_CONVERSION = YES_AGGRESSIVE;
				CLANG_ENABLE_MODULES = YES;
				CLANG_ENABLE_OBJC_ARC = YES;
				CLANG_WARN_BLOCK_CAPTURE_AUTORELEASING = YES;
				CLANG_WARN_BOOL_CONVERSION = YES;
				CLANG_WARN_COMMA = YES;
				CLANG_WARN_CONSTANT_CONVERSION = YES;
				CLANG_WARN_DEPRECATED_OBJC_IMPLEMENTATIONS = YES;
				CLANG_WARN_DIRECT_OBJC_ISA_USAGE = YES_ERROR;
				CLANG_WARN_DOCUMENTATION_COMMENTS = YES;
				CLANG_WARN_EMPTY_BODY = YES;
				CLANG_WARN_ENUM_CONVERSION = YES;
				CLANG_WARN_INFINITE_RECURSION = YES;
				CLANG_WARN_INT_CONVERSION = YES;
				CLANG_WARN_NON_LITERAL_NULL_CONVERSION = YES;
				CLANG_WARN_OBJC_IMPLICIT_RETAIN_SELF = YES;
				CLANG_WARN_OBJC_LITERAL_CONVERSION = YES;
				CLANG_WARN_OBJC_ROOT_CLASS = YES_ERROR;
				CLANG_WARN_RANGE_LOOP_ANALYSIS = YES;
				CLANG_WARN_STRICT_PROTOTYPES = YES;
				CLANG_WARN_SUSPICIOUS_MOVE = YES;
				CLANG_WARN_UNREACHABLE_CODE = YES;
				CLANG_WARN__DUPLICATE_METHOD_MATCH = YES;
				CODE_SIGN_IDENTITY = "-";
				COPY_PHASE_STRIP = NO;
				DEBUG_INFORMATION_FORMAT = "dwarf-with-dsym";
				ENABLE_NS_ASSERTIONS = NO;
				ENABLE_STRICT_OBJC_MSGSEND = YES;
				GCC_C_LANGUAGE_STANDARD = c11;
				GCC_WARN_64_TO_32_BIT_CONVERSION = YES;
				GCC_WARN_ABOUT_RETURN_TYPE = YES_ERROR;
				GCC_WARN_UNDECLARED_SELECTOR = YES;
				GCC_WARN_UNINITIALIZED_AUTOS = YES_AGGRESSIVE;
				GCC_WARN_UNUSED_FUNCTION = YES;
				GCC_WARN_UNUSED_VARIABLE = YES;
				MTL_ENABLE_DEBUG_INFO = NO;
				SDKROOT = macosx;
			};
			name = Release;
		};
		345E93A922EB2787006FD334 /* Debug */ = {
			isa = XCBuildConfiguration;
			buildSettings = {
				CLANG_CXX_LANGUAGE_STANDARD = "gnu++14";
				CLANG_CXX_LIBRARY = "libc++";
				CLANG_ENABLE_OBJC_WEAK = YES;
				CLANG_WARN_UNGUARDED_AVAILABILITY = YES_AGGRESSIVE;
				CODE_SIGN_IDENTITY = "Mac Developer";
				CODE_SIGN_STYLE = Automatic;
				DEVELOPMENT_TEAM = CFJYV723M9;
				EXECUTABLE_PREFIX = lib;
				GCC_C_LANGUAGE_STANDARD = gnu11;
				GCC_NO_COMMON_BLOCKS = YES;
				GCC_WARN_INHIBIT_ALL_WARNINGS = YES;
				MTL_ENABLE_DEBUG_INFO = INCLUDE_SOURCE;
				MTL_FAST_MATH = YES;
				PRODUCT_NAME = "$(TARGET_NAME)";
				SKIP_INSTALL = YES;
			};
			name = Debug;
		};
		345E93AA22EB2787006FD334 /* Release */ = {
			isa = XCBuildConfiguration;
			buildSettings = {
				CLANG_CXX_LANGUAGE_STANDARD = "gnu++14";
				CLANG_CXX_LIBRARY = "libc++";
				CLANG_ENABLE_OBJC_WEAK = YES;
				CLANG_WARN_UNGUARDED_AVAILABILITY = YES_AGGRESSIVE;
				CODE_SIGN_IDENTITY = "Mac Developer";
				CODE_SIGN_STYLE = Automatic;
				DEVELOPMENT_TEAM = CFJYV723M9;
				EXECUTABLE_PREFIX = lib;
				GCC_C_LANGUAGE_STANDARD = gnu11;
				GCC_NO_COMMON_BLOCKS = YES;
				GCC_WARN_INHIBIT_ALL_WARNINGS = YES;
				MTL_FAST_MATH = YES;
				PRODUCT_NAME = "$(TARGET_NAME)";
				SKIP_INSTALL = YES;
			};
			name = Release;
		};
		349C53C31EC4D6B9008D42C6 /* Debug */ = {
			isa = XCBuildConfiguration;
			buildSettings = {
				ASSETCATALOG_COMPILER_APPICON_NAME = AppIcon;
				COMBINE_HIDPI_IMAGES = YES;
				DEVELOPMENT_TEAM = CFJYV723M9;
				GCC_PRECOMPILE_PREFIX_HEADER = YES;
				GCC_PREFIX_HEADER = src/stdafx.h;
				GCC_PREPROCESSOR_DEFINITIONS = (
					GL_SILENCE_DEPRECATION,
					"$(inherited)",
				);
				HEADER_SEARCH_PATHS = (
					"lib/glfw-3.3.0/include",
					"lib/lua-5.3.5/src",
					"lib/sqlite-amalgamation-3290000",
					"lib/sds-0bb446e",
					"lib/libpqueue-f319ea0/src",
					"lib/freetype-2.10.1/include",
					"lib/single-file",
				);
				INFOPLIST_FILE = platform/macOS/Info.plist;
				LD_RUNPATH_SEARCH_PATHS = "$(inherited) @executable_path/../Frameworks";
				PRODUCT_NAME = "$(TARGET_NAME)";
			};
			name = Debug;
		};
		349C53C41EC4D6B9008D42C6 /* Release */ = {
			isa = XCBuildConfiguration;
			buildSettings = {
				ASSETCATALOG_COMPILER_APPICON_NAME = AppIcon;
				COMBINE_HIDPI_IMAGES = YES;
				DEVELOPMENT_TEAM = CFJYV723M9;
				GCC_PRECOMPILE_PREFIX_HEADER = YES;
				GCC_PREFIX_HEADER = src/stdafx.h;
				GCC_PREPROCESSOR_DEFINITIONS = GL_SILENCE_DEPRECATION;
				HEADER_SEARCH_PATHS = (
					"lib/glfw-3.3.0/include",
					"lib/lua-5.3.5/src",
					"lib/sqlite-amalgamation-3290000",
					"lib/sds-0bb446e",
					"lib/libpqueue-f319ea0/src",
					"lib/freetype-2.10.1/include",
					"lib/single-file",
				);
				INFOPLIST_FILE = platform/macOS/Info.plist;
				LD_RUNPATH_SEARCH_PATHS = "$(inherited) @executable_path/../Frameworks";
				PRODUCT_NAME = "$(TARGET_NAME)";
			};
			name = Release;
		};
		34C5B3F722DB2753007F0A79 /* Debug */ = {
			isa = XCBuildConfiguration;
			buildSettings = {
				CLANG_CXX_LANGUAGE_STANDARD = "gnu++14";
				CLANG_CXX_LIBRARY = "libc++";
				CLANG_ENABLE_OBJC_WEAK = YES;
				CLANG_WARN_UNGUARDED_AVAILABILITY = YES_AGGRESSIVE;
				CODE_SIGN_IDENTITY = "Mac Developer";
				CODE_SIGN_STYLE = Automatic;
				DEVELOPMENT_TEAM = CFJYV723M9;
				EXECUTABLE_PREFIX = lib;
				GCC_C_LANGUAGE_STANDARD = gnu11;
				GCC_WARN_INHIBIT_ALL_WARNINGS = YES;
				MTL_ENABLE_DEBUG_INFO = INCLUDE_SOURCE;
				MTL_FAST_MATH = YES;
				PRODUCT_NAME = "$(TARGET_NAME)";
				SKIP_INSTALL = YES;
			};
			name = Debug;
		};
		34C5B3F822DB2753007F0A79 /* Release */ = {
			isa = XCBuildConfiguration;
			buildSettings = {
				CLANG_CXX_LANGUAGE_STANDARD = "gnu++14";
				CLANG_CXX_LIBRARY = "libc++";
				CLANG_ENABLE_OBJC_WEAK = YES;
				CLANG_WARN_UNGUARDED_AVAILABILITY = YES_AGGRESSIVE;
				CODE_SIGN_IDENTITY = "Mac Developer";
				CODE_SIGN_STYLE = Automatic;
				DEVELOPMENT_TEAM = CFJYV723M9;
				EXECUTABLE_PREFIX = lib;
				GCC_C_LANGUAGE_STANDARD = gnu11;
				GCC_WARN_INHIBIT_ALL_WARNINGS = YES;
				MTL_FAST_MATH = YES;
				PRODUCT_NAME = "$(TARGET_NAME)";
				SKIP_INSTALL = YES;
			};
			name = Release;
		};
		34CD649322D9DD2F00C33190 /* Debug */ = {
			isa = XCBuildConfiguration;
			buildSettings = {
				CLANG_CXX_LANGUAGE_STANDARD = "gnu++14";
				CLANG_CXX_LIBRARY = "libc++";
				CLANG_ENABLE_OBJC_WEAK = YES;
				CLANG_WARN_UNGUARDED_AVAILABILITY = YES_AGGRESSIVE;
				CODE_SIGN_IDENTITY = "Mac Developer";
				CODE_SIGN_STYLE = Automatic;
				DEVELOPMENT_TEAM = CFJYV723M9;
				EXECUTABLE_PREFIX = lib;
				GCC_C_LANGUAGE_STANDARD = gnu11;
				GCC_WARN_INHIBIT_ALL_WARNINGS = YES;
				MTL_ENABLE_DEBUG_INFO = INCLUDE_SOURCE;
				MTL_FAST_MATH = YES;
				PRODUCT_NAME = "$(TARGET_NAME)";
				SKIP_INSTALL = YES;
			};
			name = Debug;
		};
		34CD649422D9DD2F00C33190 /* Release */ = {
			isa = XCBuildConfiguration;
			buildSettings = {
				CLANG_CXX_LANGUAGE_STANDARD = "gnu++14";
				CLANG_CXX_LIBRARY = "libc++";
				CLANG_ENABLE_OBJC_WEAK = YES;
				CLANG_WARN_UNGUARDED_AVAILABILITY = YES_AGGRESSIVE;
				CODE_SIGN_IDENTITY = "Mac Developer";
				CODE_SIGN_STYLE = Automatic;
				DEVELOPMENT_TEAM = CFJYV723M9;
				EXECUTABLE_PREFIX = lib;
				GCC_C_LANGUAGE_STANDARD = gnu11;
				GCC_WARN_INHIBIT_ALL_WARNINGS = YES;
				MTL_FAST_MATH = YES;
				PRODUCT_NAME = "$(TARGET_NAME)";
				SKIP_INSTALL = YES;
			};
			name = Release;
		};
		34DB94B422EC370B0066EC6A /* Debug */ = {
			isa = XCBuildConfiguration;
			buildSettings = {
				CLANG_CXX_LANGUAGE_STANDARD = "gnu++14";
				CLANG_CXX_LIBRARY = "libc++";
				CLANG_ENABLE_OBJC_WEAK = YES;
				CLANG_WARN_UNGUARDED_AVAILABILITY = YES_AGGRESSIVE;
				CODE_SIGN_IDENTITY = "Mac Developer";
				CODE_SIGN_STYLE = Automatic;
				DEVELOPMENT_TEAM = CFJYV723M9;
				EXECUTABLE_PREFIX = lib;
				GCC_C_LANGUAGE_STANDARD = gnu11;
				GCC_NO_COMMON_BLOCKS = YES;
				GCC_PREPROCESSOR_DEFINITIONS = (
					"$(inherited)",
					FT2_BUILD_LIBRARY,
					FT_CONFIG_OPTION_SYSTEM_ZLIB,
					"FT_CONFIG_CONFIG_H=\"<ftconfig.h>\"",
					"FT_CONFIG_MODULES_H=\"<ftmodule.h>\"",
				);
				GCC_WARN_INHIBIT_ALL_WARNINGS = YES;
				HEADER_SEARCH_PATHS = (
					"lib/freetype-2.10.1/include",
					"lib/freetype-2.10.1/include/freetype/config",
				);
				MACOSX_DEPLOYMENT_TARGET = 10.14;
				MTL_ENABLE_DEBUG_INFO = INCLUDE_SOURCE;
				MTL_FAST_MATH = YES;
				PRODUCT_NAME = "$(TARGET_NAME)";
				SKIP_INSTALL = YES;
			};
			name = Debug;
		};
		34DB94B522EC370B0066EC6A /* Release */ = {
			isa = XCBuildConfiguration;
			buildSettings = {
				CLANG_CXX_LANGUAGE_STANDARD = "gnu++14";
				CLANG_CXX_LIBRARY = "libc++";
				CLANG_ENABLE_OBJC_WEAK = YES;
				CLANG_WARN_UNGUARDED_AVAILABILITY = YES_AGGRESSIVE;
				CODE_SIGN_IDENTITY = "Mac Developer";
				CODE_SIGN_STYLE = Automatic;
				DEVELOPMENT_TEAM = CFJYV723M9;
				EXECUTABLE_PREFIX = lib;
				GCC_C_LANGUAGE_STANDARD = gnu11;
				GCC_NO_COMMON_BLOCKS = YES;
				GCC_PREPROCESSOR_DEFINITIONS = (
					FT2_BUILD_LIBRARY,
					FT_CONFIG_OPTION_SYSTEM_ZLIB,
					"FT_CONFIG_CONFIG_H=\"<ftconfig.h>\"",
					"FT_CONFIG_MODULES_H=\"<ftmodule.h>\"",
				);
				GCC_WARN_INHIBIT_ALL_WARNINGS = YES;
				HEADER_SEARCH_PATHS = (
					"lib/freetype-2.10.1/include",
					"lib/freetype-2.10.1/include/freetype/config",
				);
				MACOSX_DEPLOYMENT_TARGET = 10.14;
				MTL_FAST_MATH = YES;
				PRODUCT_NAME = "$(TARGET_NAME)";
				SKIP_INSTALL = YES;
			};
			name = Release;
		};
/* End XCBuildConfiguration section */

/* Begin XCConfigurationList section */
		3417E22422D1486100762C69 /* Build configuration list for PBXNativeTarget "lua" */ = {
			isa = XCConfigurationList;
			buildConfigurations = (
				3417E22522D1486100762C69 /* Debug */,
				3417E22622D1486100762C69 /* Release */,
			);
			defaultConfigurationIsVisible = 0;
			defaultConfigurationName = Release;
		};
		3455A6971EC4DA71000057E4 /* Build configuration list for PBXNativeTarget "glfw" */ = {
			isa = XCConfigurationList;
			buildConfigurations = (
				3455A6981EC4DA71000057E4 /* Debug */,
				3455A6991EC4DA71000057E4 /* Release */,
			);
			defaultConfigurationIsVisible = 0;
			defaultConfigurationName = Release;
		};
		345D93751EC4C47D003B7C63 /* Build configuration list for PBXProject "DunGen" */ = {
			isa = XCConfigurationList;
			buildConfigurations = (
				345D937F1EC4C47D003B7C63 /* Debug */,
				345D93801EC4C47D003B7C63 /* Release */,
			);
			defaultConfigurationIsVisible = 0;
			defaultConfigurationName = Release;
		};
		345E93A822EB2787006FD334 /* Build configuration list for PBXNativeTarget "pqueue" */ = {
			isa = XCConfigurationList;
			buildConfigurations = (
				345E93A922EB2787006FD334 /* Debug */,
				345E93AA22EB2787006FD334 /* Release */,
			);
			defaultConfigurationIsVisible = 0;
			defaultConfigurationName = Release;
		};
		349C53E41EC4D6B9008D42C6 /* Build configuration list for PBXNativeTarget "DunGen" */ = {
			isa = XCConfigurationList;
			buildConfigurations = (
				349C53C31EC4D6B9008D42C6 /* Debug */,
				349C53C41EC4D6B9008D42C6 /* Release */,
			);
			defaultConfigurationIsVisible = 0;
			defaultConfigurationName = Release;
		};
		34C5B3F622DB2753007F0A79 /* Build configuration list for PBXNativeTarget "sds" */ = {
			isa = XCConfigurationList;
			buildConfigurations = (
				34C5B3F722DB2753007F0A79 /* Debug */,
				34C5B3F822DB2753007F0A79 /* Release */,
			);
			defaultConfigurationIsVisible = 0;
			defaultConfigurationName = Release;
		};
		34CD649222D9DD2F00C33190 /* Build configuration list for PBXNativeTarget "sqlite" */ = {
			isa = XCConfigurationList;
			buildConfigurations = (
				34CD649322D9DD2F00C33190 /* Debug */,
				34CD649422D9DD2F00C33190 /* Release */,
			);
			defaultConfigurationIsVisible = 0;
			defaultConfigurationName = Release;
		};
		34DB94B322EC370B0066EC6A /* Build configuration list for PBXNativeTarget "freetype" */ = {
			isa = XCConfigurationList;
			buildConfigurations = (
				34DB94B422EC370B0066EC6A /* Debug */,
				34DB94B522EC370B0066EC6A /* Release */,
			);
			defaultConfigurationIsVisible = 0;
			defaultConfigurationName = Release;
		};
/* End XCConfigurationList section */
	};
	rootObject = 345D93721EC4C47D003B7C63 /* Project object */;
}
